github.com/go-mail/gomail v2.3.1+incompatible h1:hPrvM8Ncd4AM/OUHssNc6vclHfPKVcV/JuIwbDkcSq8=
github.com/go-mail/gomail v2.3.1+incompatible/go.mod h1:3QIXh5Fu0sf8i95raYpBqdBzROEbW00No9d24bcbPp0=
github.com/walterjwhite/go-application/libraries/logging v0.0.0-20190921111345-d85dd077315f h1:oHOL1rw5JiKQxCSZf+RP4PG9LqjgQOc/ZvTqk9SU8hU=
github.com/walterjwhite/go-application/libraries/logging v0.0.0-20190921111345-d85dd077315f/go.mod h1:QhUzDkllcR89OKA19aGv91GE6r5WBifLHFKkG4Anqhg=
