github.com/go-sql-driver/mysql v1.4.0/go.mod h1:zAC/RDZ24gD3HViQzih4MyKcchzm+sOG5ZlKdlhCg5w=
github.com/jmoiron/sqlx v1.2.0 h1:41Ip0zITnmWNR/vHV+S4m+VoUivnWY5E4OJfLZjCJMA=
github.com/jmoiron/sqlx v1.2.0/go.mod h1:1FEQNm3xlJgrMD+FBdI9+xvCksHtbpVBBw5dYhBSsks=
github.com/lib/pq v1.0.0/go.mod h1:5WUZQaWbwv1U+lTReE5YruASi9Al49XbQIvNi/34Woo=
github.com/mattn/go-sqlite3 v1.9.0/go.mod h1:FPy6KqzDD04eiIsT53CuJW3U88zkxoIYsOqkbpncsNc=
github.com/walterjwhite/go-application/libraries/after v0.0.0-20190908212003-a168ea712933 h1:U8QB0HBhcLBygM9dKbyTMaWy/TO+LpJx1MCg2ZOsQ7E=
github.com/walterjwhite/go-application/libraries/after v0.0.0-20190908212003-a168ea712933/go.mod h1:akH8b45N0Fx3zkSxfV4a7b1OLuQ0KCrTqqJPj2qoZvo=
github.com/walterjwhite/go-application/libraries/logging v0.0.0-20190908145322-3f1f17c157ab/go.mod h1:QhUzDkllcR89OKA19aGv91GE6r5WBifLHFKkG4Anqhg=
github.com/walterjwhite/go-application/libraries/logging v0.0.0-20190908212003-a168ea712933 h1:p0SYY2b3cHNRalUKe0ZeWJ9TyqEP10MMmwCfpyrutN0=
github.com/walterjwhite/go-application/libraries/logging v0.0.0-20190908212003-a168ea712933/go.mod h1:QhUzDkllcR89OKA19aGv91GE6r5WBifLHFKkG4Anqhg=
github.com/walterjwhite/go-application/libraries/monitor v0.0.0-20190908212410-ce0463026b32 h1:5XNvHiNDVlsc5l5IPCRCjIdeCfbK6uhsXUlGeTtAsUY=
github.com/walterjwhite/go-application/libraries/monitor v0.0.0-20190908212410-ce0463026b32/go.mod h1:ZRRNei58MllEOFOlUxXXL6vjRf02WI5MhpZNoPqYdGE=
github.com/walterjwhite/go-application/libraries/periodic v0.0.0-20190908212003-a168ea712933 h1:d4z5EMwQg04fu7Zkf3buoJ+PO6V9xij9frKINBZ80pA=
github.com/walterjwhite/go-application/libraries/periodic v0.0.0-20190908212003-a168ea712933/go.mod h1:IqF2UiIdYQSvYqQ3vsk61Vhw5UdxhOgB65s5DHARzs0=
github.com/walterjwhite/go-application/libraries/timestamp v0.0.0-20190908212003-a168ea712933 h1:njxU6aMXNAWyIIi9kUuwFGScIXTVDF40a4UPabaWIio=
github.com/walterjwhite/go-application/libraries/timestamp v0.0.0-20190908212003-a168ea712933/go.mod h1:am+q45EpcjNcfwWjAtyi2O90w6zroBmBIy87FMV2hbQ=
github.com/walterjwhite/go-application/libraries/yamlhelper v0.0.0-20190908212003-a168ea712933/go.mod h1:BqbTjZ4viX+UEBqlKN3ZNhPrLdPSDMLqm+LAPbzzrBU=
github.com/walterjwhite/go-application/libraries/yamlhelper v0.0.0-20190908212410-ce0463026b32 h1:JM9HJwoOEBk1vVDK/HytVFAgGXso+gF4UuQd2yAnxKw=
github.com/walterjwhite/go-application/libraries/yamlhelper v0.0.0-20190908212410-ce0463026b32/go.mod h1:PISTB/6Zfy9NR8j3jpq60yGKxVsR7QyL2ilGxSqJAZc=
gopkg.in/check.v1 v0.0.0-20161208181325-20d25e280405/go.mod h1:Co6ibVJAznAaIkqp8huTwlJQCZ016jof/cbN4VW5Yz0=
gopkg.in/yaml.v2 v2.2.2 h1:ZCJp+EgiOT7lHqUV2J862kp8Qj64Jo6az82+3Td9dZw=
gopkg.in/yaml.v2 v2.2.2/go.mod h1:hI93XBmqTisBFMUTm0b8Fm+jr3Dg1NNxqwp+5A1VGuI=
