github.com/go-sql-driver/mysql v1.4.0/go.mod h1:zAC/RDZ24gD3HViQzih4MyKcchzm+sOG5ZlKdlhCg5w=
github.com/jmoiron/sqlx v1.2.0 h1:41Ip0zITnmWNR/vHV+S4m+VoUivnWY5E4OJfLZjCJMA=
github.com/jmoiron/sqlx v1.2.0/go.mod h1:1FEQNm3xlJgrMD+FBdI9+xvCksHtbpVBBw5dYhBSsks=
github.com/lib/pq v1.0.0/go.mod h1:5WUZQaWbwv1U+lTReE5YruASi9Al49XbQIvNi/34Woo=
github.com/mattn/go-sqlite3 v1.9.0/go.mod h1:FPy6KqzDD04eiIsT53CuJW3U88zkxoIYsOqkbpncsNc=
github.com/walterjwhite/go-application/libraries/after v0.0.0-20190908131603-42d51493b3cc h1:1kWyUCpzCcCf2klQd7HxkdpbercJRZsQZXoihIGphuU=
github.com/walterjwhite/go-application/libraries/after v0.0.0-20190908131603-42d51493b3cc/go.mod h1:akH8b45N0Fx3zkSxfV4a7b1OLuQ0KCrTqqJPj2qoZvo=
github.com/walterjwhite/go-application/libraries/logging v0.0.0-20190908114147-411d246ddec4/go.mod h1:QhUzDkllcR89OKA19aGv91GE6r5WBifLHFKkG4Anqhg=
github.com/walterjwhite/go-application/libraries/logging v0.0.0-20190908131603-42d51493b3cc h1:5B3D45Wbyi4vAnQgOJlgh94m/yHGzZUke4yC0XbLF0M=
github.com/walterjwhite/go-application/libraries/logging v0.0.0-20190908131603-42d51493b3cc/go.mod h1:QhUzDkllcR89OKA19aGv91GE6r5WBifLHFKkG4Anqhg=
github.com/walterjwhite/go-application/libraries/monitor v0.0.0-20190908145322-3f1f17c157ab h1:iIklL/xlyStpyuG0nMn+dUUes8CZLnVsganri442Z4c=
github.com/walterjwhite/go-application/libraries/monitor v0.0.0-20190908145322-3f1f17c157ab/go.mod h1:iiJ5smenZ/FdD/3Q40VPA8Lvlb9bY64tLw+hxrpW8c8=
github.com/walterjwhite/go-application/libraries/periodic v0.0.0-20190908131603-42d51493b3cc h1:OdFzGV+fCsi9c8gA4MS9Kg1rB1fpkeXe3xLsIggNSOI=
github.com/walterjwhite/go-application/libraries/periodic v0.0.0-20190908131603-42d51493b3cc/go.mod h1:vV7LUsU8LpDtBfoTXalk6GqFVmvG4/D8FBMt/0p+BPA=
github.com/walterjwhite/go-application/libraries/timestamp v0.0.0-20190908131603-42d51493b3cc h1:KiVhFFUj9uPRJ7ysxVw2S8r9T1Jh2CZo3oGGk9g2FOE=
github.com/walterjwhite/go-application/libraries/timestamp v0.0.0-20190908131603-42d51493b3cc/go.mod h1:am+q45EpcjNcfwWjAtyi2O90w6zroBmBIy87FMV2hbQ=
github.com/walterjwhite/go-application/libraries/yamlhelper v0.0.0-20190908131603-42d51493b3cc/go.mod h1:bY6TtRYWigcqTkxzYoXIh2fMrQq1p+qrjxbChaiezlY=
github.com/walterjwhite/go-application/libraries/yamlhelper v0.0.0-20190908145322-3f1f17c157ab h1:X5nkXMNQbJAflcU3ehfESXhfPqSnd8hyI9wzgzoru+o=
github.com/walterjwhite/go-application/libraries/yamlhelper v0.0.0-20190908145322-3f1f17c157ab/go.mod h1:9b6lSs6RuLEl2kSbeK2CA4ZlYAEFp0SfJ4gg97Jk9BA=
gopkg.in/check.v1 v0.0.0-20161208181325-20d25e280405/go.mod h1:Co6ibVJAznAaIkqp8huTwlJQCZ016jof/cbN4VW5Yz0=
gopkg.in/yaml.v2 v2.2.2 h1:ZCJp+EgiOT7lHqUV2J862kp8Qj64Jo6az82+3Td9dZw=
gopkg.in/yaml.v2 v2.2.2/go.mod h1:hI93XBmqTisBFMUTm0b8Fm+jr3Dg1NNxqwp+5A1VGuI=
