github.com/go-sql-driver/mysql v1.4.0/go.mod h1:zAC/RDZ24gD3HViQzih4MyKcchzm+sOG5ZlKdlhCg5w=
github.com/go-sql-driver/mysql v1.4.1/go.mod h1:zAC/RDZ24gD3HViQzih4MyKcchzm+sOG5ZlKdlhCg5w=
github.com/jmoiron/sqlx v1.2.0 h1:41Ip0zITnmWNR/vHV+S4m+VoUivnWY5E4OJfLZjCJMA=
github.com/jmoiron/sqlx v1.2.0/go.mod h1:1FEQNm3xlJgrMD+FBdI9+xvCksHtbpVBBw5dYhBSsks=
github.com/lib/pq v1.0.0/go.mod h1:5WUZQaWbwv1U+lTReE5YruASi9Al49XbQIvNi/34Woo=
github.com/lib/pq v1.2.0/go.mod h1:5WUZQaWbwv1U+lTReE5YruASi9Al49XbQIvNi/34Woo=
github.com/mattn/go-sqlite3 v1.9.0/go.mod h1:FPy6KqzDD04eiIsT53CuJW3U88zkxoIYsOqkbpncsNc=
github.com/mattn/go-sqlite3 v1.11.0/go.mod h1:FPy6KqzDD04eiIsT53CuJW3U88zkxoIYsOqkbpncsNc=
github.com/walterjwhite/go-application/libraries/after v0.0.0-20190908215948-473df8f9d550 h1:MxMkSjfQ4Z5XAM5IWaUoitxft7uLD5A5L6CDTwp6CUo=
github.com/walterjwhite/go-application/libraries/after v0.0.0-20190908215948-473df8f9d550/go.mod h1:akH8b45N0Fx3zkSxfV4a7b1OLuQ0KCrTqqJPj2qoZvo=
github.com/walterjwhite/go-application/libraries/after v0.0.0-20190908220627-fb1ccc224845 h1:X7QzkTWqeuk5+/tOJ5kt9akUbdISo84DP+ivrVbSy10=
github.com/walterjwhite/go-application/libraries/after v0.0.0-20190908220627-fb1ccc224845/go.mod h1:akH8b45N0Fx3zkSxfV4a7b1OLuQ0KCrTqqJPj2qoZvo=
github.com/walterjwhite/go-application/libraries/logging v0.0.0-20190908213804-7f40493dd999/go.mod h1:QhUzDkllcR89OKA19aGv91GE6r5WBifLHFKkG4Anqhg=
github.com/walterjwhite/go-application/libraries/logging v0.0.0-20190908215948-473df8f9d550 h1:bpvo+aDzfchXgIWd4aScQtCmiDTPiAtQ9q1c7mzSJ3w=
github.com/walterjwhite/go-application/libraries/logging v0.0.0-20190908215948-473df8f9d550/go.mod h1:QhUzDkllcR89OKA19aGv91GE6r5WBifLHFKkG4Anqhg=
github.com/walterjwhite/go-application/libraries/logging v0.0.0-20190908220627-fb1ccc224845 h1:lHKqsun1yiNy6VuPIsQEpIVrDxs5io4htWqooc8Mesw=
github.com/walterjwhite/go-application/libraries/logging v0.0.0-20190908220627-fb1ccc224845/go.mod h1:QhUzDkllcR89OKA19aGv91GE6r5WBifLHFKkG4Anqhg=
github.com/walterjwhite/go-application/libraries/monitor v0.0.0-20190908220627-fb1ccc224845 h1:siIDf694bfpPyakuzT7dTK22x6Kt2RyxPJ58y33H+Xc=
github.com/walterjwhite/go-application/libraries/monitor v0.0.0-20190908220627-fb1ccc224845/go.mod h1:1aU37ekv4YJ/JktWS8Sh/XEISRd3k7Ocu72JNNZW6Dw=
github.com/walterjwhite/go-application/libraries/periodic v0.0.0-20190908215948-473df8f9d550 h1:4ea/S6FeXSQc0lrCpcPsqA6meRXZqUU0zaCNT7f2BVw=
github.com/walterjwhite/go-application/libraries/periodic v0.0.0-20190908215948-473df8f9d550/go.mod h1:AcvKhj/96yHVHGgfHz0AF003ULI3BllI7hsx4cZFzoU=
github.com/walterjwhite/go-application/libraries/periodic v0.0.0-20190908220627-fb1ccc224845 h1:gz+PJnzJVF07GIZogK8AwtX+3U9a1WH0WDSX/BbOHJY=
github.com/walterjwhite/go-application/libraries/periodic v0.0.0-20190908220627-fb1ccc224845/go.mod h1:1ruRe4NvgA14cfD772KJMplkHfT3hQSIo5XpCxcRuVs=
github.com/walterjwhite/go-application/libraries/timestamp v0.0.0-20190908215948-473df8f9d550 h1:/dgay1L5OUN74B8wx6fXCvn3P1dQl1KmpaFDyW/8+eo=
github.com/walterjwhite/go-application/libraries/timestamp v0.0.0-20190908215948-473df8f9d550/go.mod h1:am+q45EpcjNcfwWjAtyi2O90w6zroBmBIy87FMV2hbQ=
github.com/walterjwhite/go-application/libraries/timestamp v0.0.0-20190908220627-fb1ccc224845 h1:B7sMhU8WvhGhOVJASTXbc6yhMZIe6XTmEv66EBoVkN0=
github.com/walterjwhite/go-application/libraries/timestamp v0.0.0-20190908220627-fb1ccc224845/go.mod h1:am+q45EpcjNcfwWjAtyi2O90w6zroBmBIy87FMV2hbQ=
github.com/walterjwhite/go-application/libraries/yamlhelper v0.0.0-20190908215948-473df8f9d550/go.mod h1:MG9LOWR4tjTtYhWsBZRVu/Dexr1Z8955p3C3uRlABvA=
github.com/walterjwhite/go-application/libraries/yamlhelper v0.0.0-20190908220627-fb1ccc224845 h1:vkum08y3zU38g3nNj7ihfx+NDu0GNThvocpyVEk95RI=
github.com/walterjwhite/go-application/libraries/yamlhelper v0.0.0-20190908220627-fb1ccc224845/go.mod h1:zKAdzpeztjitovCzJq/uN3fNpE1QkDGulRzzmDis7n4=
gopkg.in/check.v1 v0.0.0-20161208181325-20d25e280405/go.mod h1:Co6ibVJAznAaIkqp8huTwlJQCZ016jof/cbN4VW5Yz0=
gopkg.in/check.v1 v1.0.0-20190902080502-41f04d3bba15/go.mod h1:Co6ibVJAznAaIkqp8huTwlJQCZ016jof/cbN4VW5Yz0=
gopkg.in/yaml.v2 v2.2.2 h1:ZCJp+EgiOT7lHqUV2J862kp8Qj64Jo6az82+3Td9dZw=
gopkg.in/yaml.v2 v2.2.2/go.mod h1:hI93XBmqTisBFMUTm0b8Fm+jr3Dg1NNxqwp+5A1VGuI=
