github.com/atotto/clipboard v0.1.2 h1:YZCtFu5Ie8qX2VmVTBnrqLSiU9XOWwqNRmdT3gIQzbY=
github.com/atotto/clipboard v0.1.2/go.mod h1:ZY9tmq7sm5xIbd9bOK4onWV4S6X0u6GY7Vn0Yu86PYI=
github.com/walterjwhite/go-application/libraries/encryption v0.0.0-20190920185339-4ba64fc375f3 h1:SlCeMFFxAkAqAZqjxAzkVOQWg3cqUhINbhna3Gexqcs=
github.com/walterjwhite/go-application/libraries/encryption v0.0.0-20190920185339-4ba64fc375f3/go.mod h1:nGn1cP2Y1VT4vekcBMV12/8wAhxHqhPpx2DZgjR+yg0=
github.com/walterjwhite/go-application/libraries/logging v0.0.0-20190920165237-fd2c49ad797a/go.mod h1:QhUzDkllcR89OKA19aGv91GE6r5WBifLHFKkG4Anqhg=
github.com/walterjwhite/go-application/libraries/logging v0.0.0-20190920185339-4ba64fc375f3 h1:tDam4Ds7sXLfi/UnHFKxxs4p3kvUyqnuLH4e52Ys9Yw=
github.com/walterjwhite/go-application/libraries/logging v0.0.0-20190920185339-4ba64fc375f3/go.mod h1:QhUzDkllcR89OKA19aGv91GE6r5WBifLHFKkG4Anqhg=
