github.com/BurntSushi/xgb v0.0.0-20160522181843-27f122750802 h1:1BDTz0u9nC3//pOCMdNH+CiXJVYJh5UQNCOBG7jbELc=
github.com/BurntSushi/xgb v0.0.0-20160522181843-27f122750802/go.mod h1:IVnqGOEym/WlBOVXweHU+Q+/VP0lqqI8lqeDx9IjBqo=
github.com/vova616/screenshot v0.0.0-20190211115255-f9547e483e0a h1:bDR1b8ylagDeiZJLd0QXit1Q5JuJujlvTwidz0ie7aE=
github.com/vova616/screenshot v0.0.0-20190211115255-f9547e483e0a/go.mod h1:gjlNhAXON0uGGilpsAZpMx5bN1ZVavUlJETHif7w4HQ=
