github.com/BurntSushi/xgb v0.0.0-20160522181843-27f122750802 h1:1BDTz0u9nC3//pOCMdNH+CiXJVYJh5UQNCOBG7jbELc=
github.com/BurntSushi/xgb v0.0.0-20160522181843-27f122750802/go.mod h1:IVnqGOEym/WlBOVXweHU+Q+/VP0lqqI8lqeDx9IjBqo=
github.com/dgrijalva/jwt-go v3.2.0+incompatible h1:7qlOGliEKZXTDg6OTjfoBKDXWrumCAMpl/TFQ4/5kLM=
github.com/dgrijalva/jwt-go v3.2.0+incompatible/go.mod h1:E3ru+11k8xSBh+hMPgOLZmtrrCbhqsmaPHjLKYnJCaQ=
github.com/go-sql-driver/mysql v1.4.0/go.mod h1:zAC/RDZ24gD3HViQzih4MyKcchzm+sOG5ZlKdlhCg5w=
github.com/jmoiron/sqlx v1.2.0 h1:41Ip0zITnmWNR/vHV+S4m+VoUivnWY5E4OJfLZjCJMA=
github.com/jmoiron/sqlx v1.2.0/go.mod h1:1FEQNm3xlJgrMD+FBdI9+xvCksHtbpVBBw5dYhBSsks=
github.com/lib/pq v1.0.0/go.mod h1:5WUZQaWbwv1U+lTReE5YruASi9Al49XbQIvNi/34Woo=
github.com/mattn/go-sqlite3 v1.9.0/go.mod h1:FPy6KqzDD04eiIsT53CuJW3U88zkxoIYsOqkbpncsNc=
github.com/mitchellh/go-homedir v1.1.0 h1:lukF9ziXFxDFPkA1vsr5zpc1XuPDn/wFntq5mG+4E0Y=
github.com/mitchellh/go-homedir v1.1.0/go.mod h1:SfyaCUpYCn1Vlf4IUYiD9fPX4A5wJrkLzIz1N1q0pr0=
github.com/vova616/screenshot v0.0.0-20190211115255-f9547e483e0a h1:bDR1b8ylagDeiZJLd0QXit1Q5JuJujlvTwidz0ie7aE=
github.com/vova616/screenshot v0.0.0-20190211115255-f9547e483e0a/go.mod h1:gjlNhAXON0uGGilpsAZpMx5bN1ZVavUlJETHif7w4HQ=
github.com/walterjwhite/go-application/libraries/after v0.0.0-20190908114105-312d0be0480b h1:80c1V2APL7EZx4S2CVS1d/Neth4d7d9iW9g/SLjsKEg=
github.com/walterjwhite/go-application/libraries/after v0.0.0-20190908114105-312d0be0480b/go.mod h1:akH8b45N0Fx3zkSxfV4a7b1OLuQ0KCrTqqJPj2qoZvo=
github.com/walterjwhite/go-application/libraries/application v0.0.0-20190907145257-2983bae739f3 h1:EgvVMzPS0q/00UYRTQPKDNp41M9jb6lbTbwbg3/KME0=
github.com/walterjwhite/go-application/libraries/application v0.0.0-20190907145257-2983bae739f3/go.mod h1:VaoC9R2Fw/7ymeNXHdcFNk8G/tY2+35Xlxo3AacS4uk=
github.com/walterjwhite/go-application/libraries/audit v0.0.0-20190908142801-fc77803d6462 h1:ummW2PQoY15W7VakgTwIum1cpwlL2eADwhql1dgpAK8=
github.com/walterjwhite/go-application/libraries/audit v0.0.0-20190908142801-fc77803d6462/go.mod h1:4kMbrWwYFA/3g1cQlYuzMrk7fvdbOGTzWELUkHOa8MY=
github.com/walterjwhite/go-application/libraries/identifier v0.0.0-20190907145257-2983bae739f3 h1:xpioDv93g0hQ+JJ7pepKqCkNNqPJb9fJHbHwH0HpQLc=
github.com/walterjwhite/go-application/libraries/identifier v0.0.0-20190907145257-2983bae739f3/go.mod h1:d4GhwdM6x7ErZqHaDJm/+7fNq4nql5Bsitmbjmkcums=
github.com/walterjwhite/go-application/libraries/io/writermatcher v0.0.0-20190908131603-42d51493b3cc h1:W49qnRu/3e8GH4oJQhA1czNJPGX8dQ3QED/B07hjRcY=
github.com/walterjwhite/go-application/libraries/io/writermatcher v0.0.0-20190908131603-42d51493b3cc/go.mod h1:jjrYXqJpHGFw4ZV9CFLHak0IAbpaPi3WyAFFWwEl6tg=
github.com/walterjwhite/go-application/libraries/logging v0.0.0-20190907145257-2983bae739f3 h1:h/Wi9NecHfJPMnvv3yAlaDyGh1RRJM8H1FDX3KophaU=
github.com/walterjwhite/go-application/libraries/logging v0.0.0-20190907145257-2983bae739f3/go.mod h1:eT1gabHFI1zsMFXK/q0+Klg7S0KIWpnlToO2uF+20Mw=
github.com/walterjwhite/go-application/libraries/logging v0.0.0-20190907210437-b8e348e111bc/go.mod h1:QhUzDkllcR89OKA19aGv91GE6r5WBifLHFKkG4Anqhg=
github.com/walterjwhite/go-application/libraries/logging v0.0.0-20190908020649-d51e199383a3 h1:+7IclY0LQ6RdeiVTNv6EVBXyDyAATl59ayo0G0v9mSc=
github.com/walterjwhite/go-application/libraries/logging v0.0.0-20190908020649-d51e199383a3/go.mod h1:QhUzDkllcR89OKA19aGv91GE6r5WBifLHFKkG4Anqhg=
github.com/walterjwhite/go-application/libraries/logging v0.0.0-20190908022120-708f33323123/go.mod h1:QhUzDkllcR89OKA19aGv91GE6r5WBifLHFKkG4Anqhg=
github.com/walterjwhite/go-application/libraries/logging v0.0.0-20190908113628-983e802f4bd2 h1:p6MJoM+U7TVI9xEOQHaLcDbfR6rEXiUXXgMEhGdZ800=
github.com/walterjwhite/go-application/libraries/logging v0.0.0-20190908113628-983e802f4bd2/go.mod h1:QhUzDkllcR89OKA19aGv91GE6r5WBifLHFKkG4Anqhg=
github.com/walterjwhite/go-application/libraries/logging v0.0.0-20190908114147-411d246ddec4 h1:PG6Gas2Zonobc6mgvBqhHqy/XOvKjXPfrUvekMs9Uh8=
github.com/walterjwhite/go-application/libraries/logging v0.0.0-20190908114147-411d246ddec4/go.mod h1:QhUzDkllcR89OKA19aGv91GE6r5WBifLHFKkG4Anqhg=
github.com/walterjwhite/go-application/libraries/logging v0.0.0-20190908131603-42d51493b3cc h1:5B3D45Wbyi4vAnQgOJlgh94m/yHGzZUke4yC0XbLF0M=
github.com/walterjwhite/go-application/libraries/logging v0.0.0-20190908131603-42d51493b3cc/go.mod h1:QhUzDkllcR89OKA19aGv91GE6r5WBifLHFKkG4Anqhg=
github.com/walterjwhite/go-application/libraries/maven v0.0.0-20190908131603-42d51493b3cc h1:10F/CbD/3lhsUr+XGNKFi6JJ+AHNfcaNeuJ4MRN3j+U=
github.com/walterjwhite/go-application/libraries/maven v0.0.0-20190908131603-42d51493b3cc/go.mod h1:8+RIUeydKMJ04BJfqlmfn6YlayGS0lHLp/EwsXCkpwE=
github.com/walterjwhite/go-application/libraries/maven/build v0.0.0-20190908143930-39c5cc2189ec h1:dCoUbvmjylyNZIwwwgA17GakKXpDRPPWTvlpdWF0o6k=
github.com/walterjwhite/go-application/libraries/maven/build v0.0.0-20190908143930-39c5cc2189ec/go.mod h1:H7KYoMQ/YRzwe5UYl1/sz+7VzGQSd81tpbMsLBuTHDk=
github.com/walterjwhite/go-application/libraries/maven/format v0.0.0-20190908143930-39c5cc2189ec h1:gHBLyAx9rT0MJso8GEExZpQQqGzkmvuX5D38vcsrPLM=
github.com/walterjwhite/go-application/libraries/maven/format v0.0.0-20190908143930-39c5cc2189ec/go.mod h1:1DvokEjbJrIxnN9T7Fw4eZs9WAQqSeur08c11rWzNkA=
github.com/walterjwhite/go-application/libraries/maven/run v0.0.0-20190908145040-cecbec02c3a3 h1:800u0YOCqVgaRLab3hyzIn0giRlHZoIvG6rf7BrbLb0=
github.com/walterjwhite/go-application/libraries/maven/run v0.0.0-20190908145040-cecbec02c3a3/go.mod h1:nXfwQgarsr1YFMAmmMmxtm47drZCUHEEIT2eDtCxmJ0=
github.com/walterjwhite/go-application/libraries/monitor v0.0.0-20190908114147-411d246ddec4 h1:bJ74DobfJ8xB6eL1seSH/2pBCxb39NEdajUBqoPa8Ow=
github.com/walterjwhite/go-application/libraries/monitor v0.0.0-20190908114147-411d246ddec4/go.mod h1:dpovWMxOTODYdhnJCeAl6+2+YQ6eojOM5aRKBN6lHEQ=
github.com/walterjwhite/go-application/libraries/path v0.0.0-20190907162134-fdbbf7c9b99b/go.mod h1:0HQmt9WjK6bk51ugtOlMRcXil2aNda6p2GZKilMxQ7A=
github.com/walterjwhite/go-application/libraries/path v0.0.0-20190908114147-411d246ddec4 h1:2g7Nt32xGTNXbWhQd4QEsVdEQUWmWrZ3x5B5FsUA2IE=
github.com/walterjwhite/go-application/libraries/path v0.0.0-20190908114147-411d246ddec4/go.mod h1:QMwr+EGducNf/bZHzQP2Yd2z1SlUEs99lgWnBFlB69A=
github.com/walterjwhite/go-application/libraries/path v0.0.0-20190908131603-42d51493b3cc h1:rKQxpeJQMLEL1mhbBNnRRbphrh4WObwC8/NCMo/aorU=
github.com/walterjwhite/go-application/libraries/path v0.0.0-20190908131603-42d51493b3cc/go.mod h1:oHA1oB4sCB3V9JJeZnxDW+1lhvhCxIqOu7iMsAMsF+Q=
github.com/walterjwhite/go-application/libraries/periodic v0.0.0-20190908114105-312d0be0480b h1:eQEAOPJEuLDMKAEZlqgJFdIFzaTOVpQq8glaDw1U1fs=
github.com/walterjwhite/go-application/libraries/periodic v0.0.0-20190908114105-312d0be0480b/go.mod h1:VP+XUq0FQDFoup+ieVkVa0iK4HloYi9uO3h26FSLQoU=
github.com/walterjwhite/go-application/libraries/runner v0.0.0-20190908114147-411d246ddec4 h1:wkjucrA1fg7i960YnL11CvTIh9msYdqgjyKj3a5JNkc=
github.com/walterjwhite/go-application/libraries/runner v0.0.0-20190908114147-411d246ddec4/go.mod h1:UU2suvGWUqsjuB5cxdy4Tz72y038OivtccfBGw5QY50=
github.com/walterjwhite/go-application/libraries/runner v0.0.0-20190908131603-42d51493b3cc h1:sCasUTEXo/kyqxhS3ivwx696c96JSSBrL1WgjEtyiv8=
github.com/walterjwhite/go-application/libraries/runner v0.0.0-20190908131603-42d51493b3cc/go.mod h1:UU2suvGWUqsjuB5cxdy4Tz72y038OivtccfBGw5QY50=
github.com/walterjwhite/go-application/libraries/screenshot v0.0.0-20190908114147-411d246ddec4 h1:3+Er2miOux+Yz0TVV5srxXnHa5J7jz+kiGQaGP4dCSA=
github.com/walterjwhite/go-application/libraries/screenshot v0.0.0-20190908114147-411d246ddec4/go.mod h1:XqqOpkvMgOwvRRaPTuxP0cHZ/q0zF9Evgz5lT8j7qWo=
github.com/walterjwhite/go-application/libraries/screenshot v0.0.0-20190908131603-42d51493b3cc h1:8rlEZ7f51yLYwnPFUysugXwbQ4jUZZavOkE15IEFrvE=
github.com/walterjwhite/go-application/libraries/screenshot v0.0.0-20190908131603-42d51493b3cc/go.mod h1:hXAqOFmJByrKyB8Z7+qLaWSV406skqueqk9SwLYGCUE=
github.com/walterjwhite/go-application/libraries/shutdown v0.0.0-20190907145257-2983bae739f3 h1:7MtKebSLyi+aO6vjYiOxUtLYPXYA/LOkucoY8tGYvtY=
github.com/walterjwhite/go-application/libraries/shutdown v0.0.0-20190907145257-2983bae739f3/go.mod h1:QycOiJK6vO3rLRelPjbs1usU/wmkYOk5sKVMLOKSKYY=
github.com/walterjwhite/go-application/libraries/timestamp v0.0.0-20190908114105-312d0be0480b h1:YtWU/8GnUogQBIhWcepoWp3Wx4J3z0zDwxaWUKgj8S4=
github.com/walterjwhite/go-application/libraries/timestamp v0.0.0-20190908114105-312d0be0480b/go.mod h1:am+q45EpcjNcfwWjAtyi2O90w6zroBmBIy87FMV2hbQ=
github.com/walterjwhite/go-application/libraries/timestamp v0.0.0-20190908131603-42d51493b3cc h1:KiVhFFUj9uPRJ7ysxVw2S8r9T1Jh2CZo3oGGk9g2FOE=
github.com/walterjwhite/go-application/libraries/timestamp v0.0.0-20190908131603-42d51493b3cc/go.mod h1:am+q45EpcjNcfwWjAtyi2O90w6zroBmBIy87FMV2hbQ=
github.com/walterjwhite/go-application/libraries/yamlhelper v0.0.0-20190908114105-312d0be0480b/go.mod h1:5Zj+3VbrZcGhx52L338m0ae4r5TFH9IkQ1bUoiU9HD0=
github.com/walterjwhite/go-application/libraries/yamlhelper v0.0.0-20190908114147-411d246ddec4 h1:D/GuIwRChlTvxpMdkoi5OlMeb+ONEBw7LItn11uof4o=
github.com/walterjwhite/go-application/libraries/yamlhelper v0.0.0-20190908114147-411d246ddec4/go.mod h1:5Zj+3VbrZcGhx52L338m0ae4r5TFH9IkQ1bUoiU9HD0=
github.com/walterjwhite/go-application/libraries/yamlhelper v0.0.0-20190908131603-42d51493b3cc h1:jAn6dcu1bOWUozjvi/A5ul1f+87LDyIKukjNf5/z6f8=
github.com/walterjwhite/go-application/libraries/yamlhelper v0.0.0-20190908131603-42d51493b3cc/go.mod h1:bY6TtRYWigcqTkxzYoXIh2fMrQq1p+qrjxbChaiezlY=
golang.org/x/crypto v0.0.0-20190308221718-c2843e01d9a2 h1:VklqNMn3ovrHsnt90PveolxSbWFaJdECFbxSq0Mqo2M=
golang.org/x/crypto v0.0.0-20190308221718-c2843e01d9a2/go.mod h1:djNgcEr1/C05ACkg1iLfiJU5Ep61QUkGW8qpdssI0+w=
golang.org/x/net v0.0.0-20190827160401-ba9fcec4b297 h1:k7pJ2yAPLPgbskkFdhRCsA77k2fySZ1zf2zCjvQCiIM=
golang.org/x/net v0.0.0-20190827160401-ba9fcec4b297/go.mod h1:z5CRVTTTmAJ677TzLLGU+0bjPO0LkuOLi4/5GtJWs/s=
golang.org/x/sys v0.0.0-20190215142949-d0b11bdaac8a/go.mod h1:STP8DvDyc/dI5b8T5hshtkjS+E42TnysNCUPdjciGhY=
golang.org/x/text v0.3.0/go.mod h1:NqM8EUOU14njkJ3fqMW+pc6Ldnwhi/IjpwHt7yyuwOQ=
gopkg.in/check.v1 v0.0.0-20161208181325-20d25e280405/go.mod h1:Co6ibVJAznAaIkqp8huTwlJQCZ016jof/cbN4VW5Yz0=
gopkg.in/yaml.v2 v2.2.2 h1:ZCJp+EgiOT7lHqUV2J862kp8Qj64Jo6az82+3Td9dZw=
gopkg.in/yaml.v2 v2.2.2/go.mod h1:hI93XBmqTisBFMUTm0b8Fm+jr3Dg1NNxqwp+5A1VGuI=
