github.com/BurntSushi/xgb v0.0.0-20160522181843-27f122750802 h1:1BDTz0u9nC3//pOCMdNH+CiXJVYJh5UQNCOBG7jbELc=
github.com/BurntSushi/xgb v0.0.0-20160522181843-27f122750802/go.mod h1:IVnqGOEym/WlBOVXweHU+Q+/VP0lqqI8lqeDx9IjBqo=
github.com/TheCreeper/go-notify v0.0.0-20160203001056-b5cd14745a5c h1:Tqox6eMuiOwAJSNIs8N8bSQo95lyNmD6Td6QbTlCo9g=
github.com/TheCreeper/go-notify v0.0.0-20160203001056-b5cd14745a5c/go.mod h1:qVRPuzmYrIzygaEyuG6gRPIcxfdJ9gAeQ/FCOfYFPTU=
github.com/dgrijalva/jwt-go v3.2.0+incompatible h1:7qlOGliEKZXTDg6OTjfoBKDXWrumCAMpl/TFQ4/5kLM=
github.com/dgrijalva/jwt-go v3.2.0+incompatible/go.mod h1:E3ru+11k8xSBh+hMPgOLZmtrrCbhqsmaPHjLKYnJCaQ=
github.com/go-sql-driver/mysql v1.4.0/go.mod h1:zAC/RDZ24gD3HViQzih4MyKcchzm+sOG5ZlKdlhCg5w=
github.com/godbus/dbus v4.1.0+incompatible h1:WqqLRTsQic3apZUK9qC5sGNfXthmPXzUZ7nQPrNITa4=
github.com/godbus/dbus v4.1.0+incompatible/go.mod h1:/YcGZj5zSblfDWMMoOzV4fas9FZnQYTkDnsGvmh2Grw=
github.com/jmoiron/sqlx v1.2.0 h1:41Ip0zITnmWNR/vHV+S4m+VoUivnWY5E4OJfLZjCJMA=
github.com/jmoiron/sqlx v1.2.0/go.mod h1:1FEQNm3xlJgrMD+FBdI9+xvCksHtbpVBBw5dYhBSsks=
github.com/lib/pq v1.0.0/go.mod h1:5WUZQaWbwv1U+lTReE5YruASi9Al49XbQIvNi/34Woo=
github.com/mattn/go-sqlite3 v1.9.0/go.mod h1:FPy6KqzDD04eiIsT53CuJW3U88zkxoIYsOqkbpncsNc=
github.com/mitchellh/go-homedir v1.1.0 h1:lukF9ziXFxDFPkA1vsr5zpc1XuPDn/wFntq5mG+4E0Y=
github.com/mitchellh/go-homedir v1.1.0/go.mod h1:SfyaCUpYCn1Vlf4IUYiD9fPX4A5wJrkLzIz1N1q0pr0=
github.com/vova616/screenshot v0.0.0-20190211115255-f9547e483e0a h1:bDR1b8ylagDeiZJLd0QXit1Q5JuJujlvTwidz0ie7aE=
github.com/vova616/screenshot v0.0.0-20190211115255-f9547e483e0a/go.mod h1:gjlNhAXON0uGGilpsAZpMx5bN1ZVavUlJETHif7w4HQ=
github.com/walterjwhite/go-application/libraries/after v0.0.0-20190908114105-312d0be0480b h1:80c1V2APL7EZx4S2CVS1d/Neth4d7d9iW9g/SLjsKEg=
github.com/walterjwhite/go-application/libraries/after v0.0.0-20190908114105-312d0be0480b/go.mod h1:akH8b45N0Fx3zkSxfV4a7b1OLuQ0KCrTqqJPj2qoZvo=
github.com/walterjwhite/go-application/libraries/application v0.0.0-20190907145257-2983bae739f3 h1:EgvVMzPS0q/00UYRTQPKDNp41M9jb6lbTbwbg3/KME0=
github.com/walterjwhite/go-application/libraries/application v0.0.0-20190907145257-2983bae739f3/go.mod h1:VaoC9R2Fw/7ymeNXHdcFNk8G/tY2+35Xlxo3AacS4uk=
github.com/walterjwhite/go-application/libraries/application v0.0.0-20190910021733-6ccb3c26143e h1:HYiye0XZjQAl0uvt8DqdKiFzAV5IKCbXRXX1d/2z7t8=
github.com/walterjwhite/go-application/libraries/application v0.0.0-20190910021733-6ccb3c26143e/go.mod h1:JT4VaBuyWeS+kZLdSkChJ2dcWIbq3mb47XRxB9SfWhM=
github.com/walterjwhite/go-application/libraries/application v0.0.0-20190913231613-35827cf1eda8 h1:tgT1KewdCHS2dHyogfSTfzxYuVudTdozeEc9j8XJV1E=
github.com/walterjwhite/go-application/libraries/application v0.0.0-20190913231613-35827cf1eda8/go.mod h1:YINhUsxExsLGI+thKMx0FnR6l0EXOBde1uo2uz3wQDU=
github.com/walterjwhite/go-application/libraries/application v0.0.0-20190914012027-32377100165a h1:Q+fFD/7cgeh6ofRlEZve7a/nyZwpXs0MM63ELLQ4+fA=
github.com/walterjwhite/go-application/libraries/application v0.0.0-20190914012027-32377100165a/go.mod h1:YINhUsxExsLGI+thKMx0FnR6l0EXOBde1uo2uz3wQDU=
github.com/walterjwhite/go-application/libraries/audit v0.0.0-20190908142801-fc77803d6462 h1:ummW2PQoY15W7VakgTwIum1cpwlL2eADwhql1dgpAK8=
github.com/walterjwhite/go-application/libraries/audit v0.0.0-20190908142801-fc77803d6462/go.mod h1:4kMbrWwYFA/3g1cQlYuzMrk7fvdbOGTzWELUkHOa8MY=
github.com/walterjwhite/go-application/libraries/audit v0.0.0-20190908215948-473df8f9d550 h1:TfyNQSqHCM8vByuDDgBHUVqxcoMBwkEZQH5IH5rNi40=
github.com/walterjwhite/go-application/libraries/audit v0.0.0-20190908215948-473df8f9d550/go.mod h1:rnzkrC7j6a9JwR+TeFMYhdSd706kNUARH9T0h36m78M=
github.com/walterjwhite/go-application/libraries/identifier v0.0.0-20190907145257-2983bae739f3 h1:xpioDv93g0hQ+JJ7pepKqCkNNqPJb9fJHbHwH0HpQLc=
github.com/walterjwhite/go-application/libraries/identifier v0.0.0-20190907145257-2983bae739f3/go.mod h1:d4GhwdM6x7ErZqHaDJm/+7fNq4nql5Bsitmbjmkcums=
github.com/walterjwhite/go-application/libraries/identifier v0.0.0-20190910021253-d3612deb69ff/go.mod h1:h+qG7TlpjIwGvPlgFTGZ5qTqsbQEoh9TBlYu6eLOrzg=
github.com/walterjwhite/go-application/libraries/identifier v0.0.0-20190910021733-6ccb3c26143e h1:oOD52xHsCm0Xkv6e8GryMquGul4Fo7o1BkO3Nv3xucU=
github.com/walterjwhite/go-application/libraries/identifier v0.0.0-20190910021733-6ccb3c26143e/go.mod h1:h+qG7TlpjIwGvPlgFTGZ5qTqsbQEoh9TBlYu6eLOrzg=
github.com/walterjwhite/go-application/libraries/identifier v0.0.0-20190911001459-f65b43345b0c/go.mod h1:h+qG7TlpjIwGvPlgFTGZ5qTqsbQEoh9TBlYu6eLOrzg=
github.com/walterjwhite/go-application/libraries/identifier v0.0.0-20190913231613-35827cf1eda8 h1:5nJTr/Job8ToBecjJRyqmuY+rHsZNvRpYkAWAlrOe0g=
github.com/walterjwhite/go-application/libraries/identifier v0.0.0-20190913231613-35827cf1eda8/go.mod h1:h+qG7TlpjIwGvPlgFTGZ5qTqsbQEoh9TBlYu6eLOrzg=
github.com/walterjwhite/go-application/libraries/identifier v0.0.0-20190914012027-32377100165a h1:E7l3rQ6UbQZSUVJEXBQUtLnlIW9cucV3TL5PYlGNGJQ=
github.com/walterjwhite/go-application/libraries/identifier v0.0.0-20190914012027-32377100165a/go.mod h1:h+qG7TlpjIwGvPlgFTGZ5qTqsbQEoh9TBlYu6eLOrzg=
github.com/walterjwhite/go-application/libraries/io/disk v0.0.0-20190915144104-f818c3f0da4b h1:Atum3wRJQKw8x25+j51DrmyY3U6ZTWuXXnMW20g4S6c=
github.com/walterjwhite/go-application/libraries/io/disk v0.0.0-20190915144104-f818c3f0da4b/go.mod h1:wSOJ6pE8aJ+uNfdzuGkl1UewEfhc7jnthoeC5WvdWPY=
github.com/walterjwhite/go-application/libraries/io/disk v0.0.0-20190915145839-14ad85875945 h1:uk4Q+8wVSqnA38qJW0CEi3Yh0QmO/Ja8L7+3Z9OlcAA=
github.com/walterjwhite/go-application/libraries/io/disk v0.0.0-20190915145839-14ad85875945/go.mod h1:ZpOzS909zeSP4adXiXkUsIZe4YBg8aQ9VJHoWNUq77A=
github.com/walterjwhite/go-application/libraries/io/disk v0.0.0-20190915150505-d86610b3ca76 h1:mmxL7ISpqq71dSPafZ+ITkXjsqTufljr65VIxlgBeDU=
github.com/walterjwhite/go-application/libraries/io/disk v0.0.0-20190915150505-d86610b3ca76/go.mod h1:bHm5WaXkcOs7W88zcFrOPodMNX7/7CmMdfjCF41Efuk=
github.com/walterjwhite/go-application/libraries/io/disk v0.0.0-20190915150807-2aac470d0862 h1:m6Ir4Nk9ctH6QKwIxn80W9vhZDykEDGRB1AuD0GX2Mo=
github.com/walterjwhite/go-application/libraries/io/disk v0.0.0-20190915150807-2aac470d0862/go.mod h1:BuJxbW0CrcXwIpfBni4H7Lm/5+OFHkN6LQTuClG3EbA=
github.com/walterjwhite/go-application/libraries/io/disk v0.0.0-20190915151006-0fbc974e6c0a h1:/YdY90sYROLkabDEel9zE5ouqXTivvkaLjnt+N2O6UY=
github.com/walterjwhite/go-application/libraries/io/disk v0.0.0-20190915151006-0fbc974e6c0a/go.mod h1:bKp+Eeu60VSpcnLk6LDhhDulnxkKKJ96lpxVZ0E9mEQ=
github.com/walterjwhite/go-application/libraries/io/disk v0.0.0-20190915151301-da0b36868d06 h1:oOTI/C38sSLpYMiDPr//apMrO7TZyrmlVRv2ZVxoqXA=
github.com/walterjwhite/go-application/libraries/io/disk v0.0.0-20190915151301-da0b36868d06/go.mod h1:MUV/dmmu3tlkylKtJ4/vfKykkfAb2lcxRGeqY9c2wEk=
github.com/walterjwhite/go-application/libraries/io/writermatcher v0.0.0-20190908131603-42d51493b3cc h1:W49qnRu/3e8GH4oJQhA1czNJPGX8dQ3QED/B07hjRcY=
github.com/walterjwhite/go-application/libraries/io/writermatcher v0.0.0-20190908131603-42d51493b3cc/go.mod h1:jjrYXqJpHGFw4ZV9CFLHak0IAbpaPi3WyAFFWwEl6tg=
github.com/walterjwhite/go-application/libraries/io/writermatcher v0.0.0-20190908213537-c07ebe5b1049/go.mod h1:jjrYXqJpHGFw4ZV9CFLHak0IAbpaPi3WyAFFWwEl6tg=
github.com/walterjwhite/go-application/libraries/io/writermatcher v0.0.0-20190908213804-7f40493dd999 h1:4XFxZ4c3cQQ4+nu0E4al1YMGJrhc9a2SISNSIvMnRCs=
github.com/walterjwhite/go-application/libraries/io/writermatcher v0.0.0-20190908213804-7f40493dd999/go.mod h1:jjrYXqJpHGFw4ZV9CFLHak0IAbpaPi3WyAFFWwEl6tg=
github.com/walterjwhite/go-application/libraries/io/writermatcher v0.0.0-20190914105732-9894932cf777 h1:E9WnvEUB6u7NsQKuLr8/l6TKuxMCvtLnCDoYZxaWb5w=
github.com/walterjwhite/go-application/libraries/io/writermatcher v0.0.0-20190914105732-9894932cf777/go.mod h1:t+96xpBkPKeCGKsiez5Xi7o1RvGTVjBRqpdReVjFqJY=
github.com/walterjwhite/go-application/libraries/logging v0.0.0-20190907145257-2983bae739f3 h1:h/Wi9NecHfJPMnvv3yAlaDyGh1RRJM8H1FDX3KophaU=
github.com/walterjwhite/go-application/libraries/logging v0.0.0-20190907145257-2983bae739f3/go.mod h1:eT1gabHFI1zsMFXK/q0+Klg7S0KIWpnlToO2uF+20Mw=
github.com/walterjwhite/go-application/libraries/logging v0.0.0-20190907210437-b8e348e111bc/go.mod h1:QhUzDkllcR89OKA19aGv91GE6r5WBifLHFKkG4Anqhg=
github.com/walterjwhite/go-application/libraries/logging v0.0.0-20190908020649-d51e199383a3 h1:+7IclY0LQ6RdeiVTNv6EVBXyDyAATl59ayo0G0v9mSc=
github.com/walterjwhite/go-application/libraries/logging v0.0.0-20190908020649-d51e199383a3/go.mod h1:QhUzDkllcR89OKA19aGv91GE6r5WBifLHFKkG4Anqhg=
github.com/walterjwhite/go-application/libraries/logging v0.0.0-20190908022120-708f33323123/go.mod h1:QhUzDkllcR89OKA19aGv91GE6r5WBifLHFKkG4Anqhg=
github.com/walterjwhite/go-application/libraries/logging v0.0.0-20190908113628-983e802f4bd2 h1:p6MJoM+U7TVI9xEOQHaLcDbfR6rEXiUXXgMEhGdZ800=
github.com/walterjwhite/go-application/libraries/logging v0.0.0-20190908113628-983e802f4bd2/go.mod h1:QhUzDkllcR89OKA19aGv91GE6r5WBifLHFKkG4Anqhg=
github.com/walterjwhite/go-application/libraries/logging v0.0.0-20190908114147-411d246ddec4 h1:PG6Gas2Zonobc6mgvBqhHqy/XOvKjXPfrUvekMs9Uh8=
github.com/walterjwhite/go-application/libraries/logging v0.0.0-20190908114147-411d246ddec4/go.mod h1:QhUzDkllcR89OKA19aGv91GE6r5WBifLHFKkG4Anqhg=
github.com/walterjwhite/go-application/libraries/logging v0.0.0-20190908131603-42d51493b3cc h1:5B3D45Wbyi4vAnQgOJlgh94m/yHGzZUke4yC0XbLF0M=
github.com/walterjwhite/go-application/libraries/logging v0.0.0-20190908131603-42d51493b3cc/go.mod h1:QhUzDkllcR89OKA19aGv91GE6r5WBifLHFKkG4Anqhg=
github.com/walterjwhite/go-application/libraries/logging v0.0.0-20190908212003-a168ea712933/go.mod h1:QhUzDkllcR89OKA19aGv91GE6r5WBifLHFKkG4Anqhg=
github.com/walterjwhite/go-application/libraries/logging v0.0.0-20190908212410-ce0463026b32/go.mod h1:QhUzDkllcR89OKA19aGv91GE6r5WBifLHFKkG4Anqhg=
github.com/walterjwhite/go-application/libraries/logging v0.0.0-20190908213537-c07ebe5b1049/go.mod h1:QhUzDkllcR89OKA19aGv91GE6r5WBifLHFKkG4Anqhg=
github.com/walterjwhite/go-application/libraries/logging v0.0.0-20190908213804-7f40493dd999 h1:2PlRzaxdyvg8Fp7PtfN89JYfVyEt8CyMkS9ypxIILkM=
github.com/walterjwhite/go-application/libraries/logging v0.0.0-20190908213804-7f40493dd999/go.mod h1:QhUzDkllcR89OKA19aGv91GE6r5WBifLHFKkG4Anqhg=
github.com/walterjwhite/go-application/libraries/logging v0.0.0-20190908215948-473df8f9d550 h1:bpvo+aDzfchXgIWd4aScQtCmiDTPiAtQ9q1c7mzSJ3w=
github.com/walterjwhite/go-application/libraries/logging v0.0.0-20190908215948-473df8f9d550/go.mod h1:QhUzDkllcR89OKA19aGv91GE6r5WBifLHFKkG4Anqhg=
github.com/walterjwhite/go-application/libraries/logging v0.0.0-20190910015440-6edd7de3e4cc/go.mod h1:QhUzDkllcR89OKA19aGv91GE6r5WBifLHFKkG4Anqhg=
github.com/walterjwhite/go-application/libraries/logging v0.0.0-20190910021253-d3612deb69ff/go.mod h1:QhUzDkllcR89OKA19aGv91GE6r5WBifLHFKkG4Anqhg=
github.com/walterjwhite/go-application/libraries/logging v0.0.0-20190910021733-6ccb3c26143e h1:tgFkUl1JFT4X9bKKe5HDU9qJPG6jYhTZZODV9skD3Ak=
github.com/walterjwhite/go-application/libraries/logging v0.0.0-20190910021733-6ccb3c26143e/go.mod h1:QhUzDkllcR89OKA19aGv91GE6r5WBifLHFKkG4Anqhg=
github.com/walterjwhite/go-application/libraries/logging v0.0.0-20190911001459-f65b43345b0c/go.mod h1:QhUzDkllcR89OKA19aGv91GE6r5WBifLHFKkG4Anqhg=
github.com/walterjwhite/go-application/libraries/logging v0.0.0-20190913230854-9dc1e0109ed2/go.mod h1:QhUzDkllcR89OKA19aGv91GE6r5WBifLHFKkG4Anqhg=
github.com/walterjwhite/go-application/libraries/logging v0.0.0-20190913231613-35827cf1eda8 h1:dY8Tb1sPlQLS4XFrBwhfHZakRkyOAm+Z/Qw4AquVmMM=
github.com/walterjwhite/go-application/libraries/logging v0.0.0-20190913231613-35827cf1eda8/go.mod h1:QhUzDkllcR89OKA19aGv91GE6r5WBifLHFKkG4Anqhg=
github.com/walterjwhite/go-application/libraries/logging v0.0.0-20190914012027-32377100165a h1:I8j8S9aabe0iqE1lWmuZiw4PYYcJCkaRwhtCcbUbQ7Y=
github.com/walterjwhite/go-application/libraries/logging v0.0.0-20190914012027-32377100165a/go.mod h1:QhUzDkllcR89OKA19aGv91GE6r5WBifLHFKkG4Anqhg=
github.com/walterjwhite/go-application/libraries/logging v0.0.0-20190914012225-b460cc70a747 h1:9lKR1jb3BwKe/1/8/SwjGVxMl4OleRpJJ4cUUx6QmyU=
github.com/walterjwhite/go-application/libraries/logging v0.0.0-20190914012225-b460cc70a747/go.mod h1:QhUzDkllcR89OKA19aGv91GE6r5WBifLHFKkG4Anqhg=
github.com/walterjwhite/go-application/libraries/logging v0.0.0-20190914012323-6f15a6baa74c/go.mod h1:QhUzDkllcR89OKA19aGv91GE6r5WBifLHFKkG4Anqhg=
github.com/walterjwhite/go-application/libraries/logging v0.0.0-20190914030252-15aa585f2589/go.mod h1:QhUzDkllcR89OKA19aGv91GE6r5WBifLHFKkG4Anqhg=
github.com/walterjwhite/go-application/libraries/logging v0.0.0-20190914104301-97a52aee9d24/go.mod h1:QhUzDkllcR89OKA19aGv91GE6r5WBifLHFKkG4Anqhg=
github.com/walterjwhite/go-application/libraries/logging v0.0.0-20190914105732-9894932cf777 h1:jiZv4jSNCZVieRMEdUz3JeTRy2PzjYqRyd58cJ9r/EQ=
github.com/walterjwhite/go-application/libraries/logging v0.0.0-20190914105732-9894932cf777/go.mod h1:QhUzDkllcR89OKA19aGv91GE6r5WBifLHFKkG4Anqhg=
github.com/walterjwhite/go-application/libraries/logging v0.0.0-20190914113225-2a2cfd20cadc h1:GN7XoMBlzmxjd4wyr8bNoWfx9puGna8Jy6WfdGknP6E=
github.com/walterjwhite/go-application/libraries/logging v0.0.0-20190914113225-2a2cfd20cadc/go.mod h1:QhUzDkllcR89OKA19aGv91GE6r5WBifLHFKkG4Anqhg=
github.com/walterjwhite/go-application/libraries/logging v0.0.0-20190915144104-f818c3f0da4b/go.mod h1:QhUzDkllcR89OKA19aGv91GE6r5WBifLHFKkG4Anqhg=
github.com/walterjwhite/go-application/libraries/logging v0.0.0-20190915145839-14ad85875945 h1:AlBK9/sLswgCmlNpxv9Ap/0rWYK2DH7V/jZxyXFbVLM=
github.com/walterjwhite/go-application/libraries/logging v0.0.0-20190915145839-14ad85875945/go.mod h1:QhUzDkllcR89OKA19aGv91GE6r5WBifLHFKkG4Anqhg=
github.com/walterjwhite/go-application/libraries/logging v0.0.0-20190915150505-d86610b3ca76 h1:8NugWkLCgaYZSV06oVfPcm7SmUM/rYvqiU9/SOdl5G4=
github.com/walterjwhite/go-application/libraries/logging v0.0.0-20190915150505-d86610b3ca76/go.mod h1:QhUzDkllcR89OKA19aGv91GE6r5WBifLHFKkG4Anqhg=
github.com/walterjwhite/go-application/libraries/logging v0.0.0-20190915150807-2aac470d0862 h1:CmuIC7/X826seXPZptTXtQjo/+DweURC8dTtkinDL9A=
github.com/walterjwhite/go-application/libraries/logging v0.0.0-20190915150807-2aac470d0862/go.mod h1:QhUzDkllcR89OKA19aGv91GE6r5WBifLHFKkG4Anqhg=
github.com/walterjwhite/go-application/libraries/logging v0.0.0-20190915151006-0fbc974e6c0a h1:r7cpoNYlUE7FirBRNdxmPAbtXNRv1j57XtdvVotcSwo=
github.com/walterjwhite/go-application/libraries/logging v0.0.0-20190915151006-0fbc974e6c0a/go.mod h1:QhUzDkllcR89OKA19aGv91GE6r5WBifLHFKkG4Anqhg=
github.com/walterjwhite/go-application/libraries/logging v0.0.0-20190915151301-da0b36868d06 h1:3rpQvk+/ibqbK2vx+MN0xXFgIDVCas8KUL3R5HDAa3Q=
github.com/walterjwhite/go-application/libraries/logging v0.0.0-20190915151301-da0b36868d06/go.mod h1:QhUzDkllcR89OKA19aGv91GE6r5WBifLHFKkG4Anqhg=
github.com/walterjwhite/go-application/libraries/maven v0.0.0-20190908131603-42d51493b3cc h1:10F/CbD/3lhsUr+XGNKFi6JJ+AHNfcaNeuJ4MRN3j+U=
github.com/walterjwhite/go-application/libraries/maven v0.0.0-20190908131603-42d51493b3cc/go.mod h1:8+RIUeydKMJ04BJfqlmfn6YlayGS0lHLp/EwsXCkpwE=
github.com/walterjwhite/go-application/libraries/maven/build v0.0.0-20190908143930-39c5cc2189ec h1:dCoUbvmjylyNZIwwwgA17GakKXpDRPPWTvlpdWF0o6k=
github.com/walterjwhite/go-application/libraries/maven/build v0.0.0-20190908143930-39c5cc2189ec/go.mod h1:H7KYoMQ/YRzwe5UYl1/sz+7VzGQSd81tpbMsLBuTHDk=
github.com/walterjwhite/go-application/libraries/maven/format v0.0.0-20190908143930-39c5cc2189ec h1:gHBLyAx9rT0MJso8GEExZpQQqGzkmvuX5D38vcsrPLM=
github.com/walterjwhite/go-application/libraries/maven/format v0.0.0-20190908143930-39c5cc2189ec/go.mod h1:1DvokEjbJrIxnN9T7Fw4eZs9WAQqSeur08c11rWzNkA=
github.com/walterjwhite/go-application/libraries/maven/run v0.0.0-20190908145040-cecbec02c3a3 h1:800u0YOCqVgaRLab3hyzIn0giRlHZoIvG6rf7BrbLb0=
github.com/walterjwhite/go-application/libraries/maven/run v0.0.0-20190908145040-cecbec02c3a3/go.mod h1:nXfwQgarsr1YFMAmmMmxtm47drZCUHEEIT2eDtCxmJ0=
github.com/walterjwhite/go-application/libraries/maven/run v0.0.0-20190908213804-7f40493dd999 h1:8ARZMhDPj9Rz6DRJAGt1Y2tx8G9iiUgqi3Oy9kK6P84=
github.com/walterjwhite/go-application/libraries/maven/run v0.0.0-20190908213804-7f40493dd999/go.mod h1:szYPSGzWwy+CaxLBicjXa25UD2/hhy7F6FsielCYe98=
github.com/walterjwhite/go-application/libraries/monitor v0.0.0-20190908114147-411d246ddec4 h1:bJ74DobfJ8xB6eL1seSH/2pBCxb39NEdajUBqoPa8Ow=
github.com/walterjwhite/go-application/libraries/monitor v0.0.0-20190908114147-411d246ddec4/go.mod h1:dpovWMxOTODYdhnJCeAl6+2+YQ6eojOM5aRKBN6lHEQ=
github.com/walterjwhite/go-application/libraries/notification v0.0.0-20190910021253-d3612deb69ff/go.mod h1:jH50Q12PQCQhUPAToAilTsnZYyOoyjf+SGIdqMFo1yQ=
github.com/walterjwhite/go-application/libraries/notification v0.0.0-20190910021733-6ccb3c26143e h1:2cF9nIM3c50u1y/Sv4lFqgC62EWVdX7Ws5noabXW178=
github.com/walterjwhite/go-application/libraries/notification v0.0.0-20190910021733-6ccb3c26143e/go.mod h1:jH50Q12PQCQhUPAToAilTsnZYyOoyjf+SGIdqMFo1yQ=
github.com/walterjwhite/go-application/libraries/notification v0.0.0-20190911001459-f65b43345b0c/go.mod h1:jH50Q12PQCQhUPAToAilTsnZYyOoyjf+SGIdqMFo1yQ=
github.com/walterjwhite/go-application/libraries/notification v0.0.0-20190913231613-35827cf1eda8 h1:XACqfUPwsVhcf0N15oDye+p+B6onngyb1DLy/3lg8P4=
github.com/walterjwhite/go-application/libraries/notification v0.0.0-20190913231613-35827cf1eda8/go.mod h1:UYV6JWwsa1ZfWklACMZk5avN1ePsgBEZbATxs6XLyb8=
github.com/walterjwhite/go-application/libraries/notification v0.0.0-20190914012027-32377100165a h1:LBnul5m4mZF+aZqkN6LNdL5OLk182T64a+Cl5xxWkVk=
github.com/walterjwhite/go-application/libraries/notification v0.0.0-20190914012027-32377100165a/go.mod h1:kdogLlvycFEZI7ednbvS30dywMEMvlHamvWzZ9QpQWI=
github.com/walterjwhite/go-application/libraries/notification v0.0.0-20190914012225-b460cc70a747 h1:8gXPWuqspr1BrzKHUcYysBaNpg8SmIeHQll/BXkLGjw=
github.com/walterjwhite/go-application/libraries/notification v0.0.0-20190914012225-b460cc70a747/go.mod h1:VJHa87bnRYvG0kwI24PoryiiuLUbnhZeC5EBtmSwH70=
github.com/walterjwhite/go-application/libraries/notification v0.0.0-20190914105732-9894932cf777 h1:W3R5vmOm3fX9TJiJd5KhdAfebdr6H1hN4opp/bdC9/0=
github.com/walterjwhite/go-application/libraries/notification v0.0.0-20190914105732-9894932cf777/go.mod h1:EheKElIiiSMApzm0XY/3sWlLfdle0OKvZizB8dFZE/M=
github.com/walterjwhite/go-application/libraries/path v0.0.0-20190907162134-fdbbf7c9b99b/go.mod h1:0HQmt9WjK6bk51ugtOlMRcXil2aNda6p2GZKilMxQ7A=
github.com/walterjwhite/go-application/libraries/path v0.0.0-20190908114147-411d246ddec4 h1:2g7Nt32xGTNXbWhQd4QEsVdEQUWmWrZ3x5B5FsUA2IE=
github.com/walterjwhite/go-application/libraries/path v0.0.0-20190908114147-411d246ddec4/go.mod h1:QMwr+EGducNf/bZHzQP2Yd2z1SlUEs99lgWnBFlB69A=
github.com/walterjwhite/go-application/libraries/path v0.0.0-20190908131603-42d51493b3cc h1:rKQxpeJQMLEL1mhbBNnRRbphrh4WObwC8/NCMo/aorU=
github.com/walterjwhite/go-application/libraries/path v0.0.0-20190908131603-42d51493b3cc/go.mod h1:oHA1oB4sCB3V9JJeZnxDW+1lhvhCxIqOu7iMsAMsF+Q=
github.com/walterjwhite/go-application/libraries/path v0.0.0-20190908212410-ce0463026b32/go.mod h1:m/GNvJ7jCWER0XdoN4ZaPN7IouBge5PV6fTiJkttUmA=
github.com/walterjwhite/go-application/libraries/path v0.0.0-20190908213804-7f40493dd999/go.mod h1:WM4Z+W08Tos4wAPaFvP8tLAI7Y8N0R+yQOhz1lIllx0=
github.com/walterjwhite/go-application/libraries/path v0.0.0-20190908215948-473df8f9d550 h1:9pvKmUSBOkmgJfKYb0UU3BdqGwwA8C0648IjoZAhNtA=
github.com/walterjwhite/go-application/libraries/path v0.0.0-20190908215948-473df8f9d550/go.mod h1:F7npo4IjQE08nmZk6u+Fuvm8azrdtVpkFCuJ3x0VB9U=
github.com/walterjwhite/go-application/libraries/periodic v0.0.0-20190908114105-312d0be0480b h1:eQEAOPJEuLDMKAEZlqgJFdIFzaTOVpQq8glaDw1U1fs=
github.com/walterjwhite/go-application/libraries/periodic v0.0.0-20190908114105-312d0be0480b/go.mod h1:VP+XUq0FQDFoup+ieVkVa0iK4HloYi9uO3h26FSLQoU=
github.com/walterjwhite/go-application/libraries/run v0.0.0-20190914105815-a7829be4b963 h1:0JYy11u/TBE9AOn4BBWBjGkyE9edLpjANf1eLq0ofvA=
github.com/walterjwhite/go-application/libraries/run v0.0.0-20190914105815-a7829be4b963/go.mod h1:+XsvHavpk+CgttacwMzb6lRSf9aG0urSSsZz7dDrbCM=
github.com/walterjwhite/go-application/libraries/runner v0.0.0-20190908114147-411d246ddec4 h1:wkjucrA1fg7i960YnL11CvTIh9msYdqgjyKj3a5JNkc=
github.com/walterjwhite/go-application/libraries/runner v0.0.0-20190908114147-411d246ddec4/go.mod h1:UU2suvGWUqsjuB5cxdy4Tz72y038OivtccfBGw5QY50=
github.com/walterjwhite/go-application/libraries/runner v0.0.0-20190908131603-42d51493b3cc h1:sCasUTEXo/kyqxhS3ivwx696c96JSSBrL1WgjEtyiv8=
github.com/walterjwhite/go-application/libraries/runner v0.0.0-20190908131603-42d51493b3cc/go.mod h1:UU2suvGWUqsjuB5cxdy4Tz72y038OivtccfBGw5QY50=
github.com/walterjwhite/go-application/libraries/runner v0.0.0-20190908213537-c07ebe5b1049/go.mod h1:UU2suvGWUqsjuB5cxdy4Tz72y038OivtccfBGw5QY50=
github.com/walterjwhite/go-application/libraries/runner v0.0.0-20190908213804-7f40493dd999 h1:ToDI5udBdYtHUX99+Ea9T59buvr4YLgbIVN6Rt26PM8=
github.com/walterjwhite/go-application/libraries/runner v0.0.0-20190908213804-7f40493dd999/go.mod h1:UU2suvGWUqsjuB5cxdy4Tz72y038OivtccfBGw5QY50=
github.com/walterjwhite/go-application/libraries/runner v0.0.0-20190908215948-473df8f9d550 h1:6UV4igO+YnX/CaoFPIUFB88dpsgB/cAIIGkPQiZ2jL0=
github.com/walterjwhite/go-application/libraries/runner v0.0.0-20190908215948-473df8f9d550/go.mod h1:UU2suvGWUqsjuB5cxdy4Tz72y038OivtccfBGw5QY50=
github.com/walterjwhite/go-application/libraries/runner v0.0.0-20190914105732-9894932cf777 h1:JrB3Nwj64xLmP+hQUjXVQ9ODwe7LCxzzOBzir3PXp1A=
github.com/walterjwhite/go-application/libraries/runner v0.0.0-20190914105732-9894932cf777/go.mod h1:UU2suvGWUqsjuB5cxdy4Tz72y038OivtccfBGw5QY50=
github.com/walterjwhite/go-application/libraries/screenshot v0.0.0-20190908114147-411d246ddec4 h1:3+Er2miOux+Yz0TVV5srxXnHa5J7jz+kiGQaGP4dCSA=
github.com/walterjwhite/go-application/libraries/screenshot v0.0.0-20190908114147-411d246ddec4/go.mod h1:XqqOpkvMgOwvRRaPTuxP0cHZ/q0zF9Evgz5lT8j7qWo=
github.com/walterjwhite/go-application/libraries/screenshot v0.0.0-20190908131603-42d51493b3cc h1:8rlEZ7f51yLYwnPFUysugXwbQ4jUZZavOkE15IEFrvE=
github.com/walterjwhite/go-application/libraries/screenshot v0.0.0-20190908131603-42d51493b3cc/go.mod h1:hXAqOFmJByrKyB8Z7+qLaWSV406skqueqk9SwLYGCUE=
github.com/walterjwhite/go-application/libraries/screenshot v0.0.0-20190908213804-7f40493dd999/go.mod h1:u7MEO1atR2keqPsqhYjfAu/ZZcPIyffFvJSNqOzQMJs=
github.com/walterjwhite/go-application/libraries/screenshot v0.0.0-20190908215948-473df8f9d550 h1:/Z39g7U0hU5QHfpz/g+QcQx+oeDov000OWyEiI4cWRY=
github.com/walterjwhite/go-application/libraries/screenshot v0.0.0-20190908215948-473df8f9d550/go.mod h1:jz8G/CNrpVF1HN9HDS5h9rTZn51AFrOuT8rAC7JH9qI=
github.com/walterjwhite/go-application/libraries/shutdown v0.0.0-20190907145257-2983bae739f3 h1:7MtKebSLyi+aO6vjYiOxUtLYPXYA/LOkucoY8tGYvtY=
github.com/walterjwhite/go-application/libraries/shutdown v0.0.0-20190907145257-2983bae739f3/go.mod h1:QycOiJK6vO3rLRelPjbs1usU/wmkYOk5sKVMLOKSKYY=
github.com/walterjwhite/go-application/libraries/shutdown v0.0.0-20190910021253-d3612deb69ff/go.mod h1:fvSh3xOzxHr5jH9TygbNpZmOtPVgAQ6fWoH0J2rcneE=
github.com/walterjwhite/go-application/libraries/shutdown v0.0.0-20190910021733-6ccb3c26143e h1:amsqTgh8+bI/YFNI6alAiljW2oVLhkUhlV1+DOjo+6Y=
github.com/walterjwhite/go-application/libraries/shutdown v0.0.0-20190910021733-6ccb3c26143e/go.mod h1:fvSh3xOzxHr5jH9TygbNpZmOtPVgAQ6fWoH0J2rcneE=
github.com/walterjwhite/go-application/libraries/shutdown v0.0.0-20190911001459-f65b43345b0c/go.mod h1:fvSh3xOzxHr5jH9TygbNpZmOtPVgAQ6fWoH0J2rcneE=
github.com/walterjwhite/go-application/libraries/shutdown v0.0.0-20190913231613-35827cf1eda8 h1:9izOiLob7P5wtF4dD+yT8/+DFwyMeKCbSCJniXa/bKM=
github.com/walterjwhite/go-application/libraries/shutdown v0.0.0-20190913231613-35827cf1eda8/go.mod h1:9KT1D+kh40LGmIaqSjuT/2BNiWV4UtQrstVgNw5kw6M=
github.com/walterjwhite/go-application/libraries/shutdown v0.0.0-20190914012027-32377100165a h1:TTk8mi37Yq0eXKHeDrxuD/nRtYpojd3yFuHK00P5Ve0=
github.com/walterjwhite/go-application/libraries/shutdown v0.0.0-20190914012027-32377100165a/go.mod h1:9KT1D+kh40LGmIaqSjuT/2BNiWV4UtQrstVgNw5kw6M=
github.com/walterjwhite/go-application/libraries/timestamp v0.0.0-20190908114105-312d0be0480b h1:YtWU/8GnUogQBIhWcepoWp3Wx4J3z0zDwxaWUKgj8S4=
github.com/walterjwhite/go-application/libraries/timestamp v0.0.0-20190908114105-312d0be0480b/go.mod h1:am+q45EpcjNcfwWjAtyi2O90w6zroBmBIy87FMV2hbQ=
github.com/walterjwhite/go-application/libraries/timestamp v0.0.0-20190908131603-42d51493b3cc h1:KiVhFFUj9uPRJ7ysxVw2S8r9T1Jh2CZo3oGGk9g2FOE=
github.com/walterjwhite/go-application/libraries/timestamp v0.0.0-20190908131603-42d51493b3cc/go.mod h1:am+q45EpcjNcfwWjAtyi2O90w6zroBmBIy87FMV2hbQ=
github.com/walterjwhite/go-application/libraries/timestamp v0.0.0-20190908213537-c07ebe5b1049/go.mod h1:am+q45EpcjNcfwWjAtyi2O90w6zroBmBIy87FMV2hbQ=
github.com/walterjwhite/go-application/libraries/timestamp v0.0.0-20190908213804-7f40493dd999 h1:nFURm1O2W36JOx7As7yl6ZTLOr9Y74TKaZ3mpL/HykI=
github.com/walterjwhite/go-application/libraries/timestamp v0.0.0-20190908213804-7f40493dd999/go.mod h1:am+q45EpcjNcfwWjAtyi2O90w6zroBmBIy87FMV2hbQ=
github.com/walterjwhite/go-application/libraries/timestamp v0.0.0-20190914105732-9894932cf777 h1:NnWv0aJsqkbJaMD5gqN857tJucT8sNZ4i6n209WqfLY=
github.com/walterjwhite/go-application/libraries/timestamp v0.0.0-20190914105732-9894932cf777/go.mod h1:am+q45EpcjNcfwWjAtyi2O90w6zroBmBIy87FMV2hbQ=
github.com/walterjwhite/go-application/libraries/yamlhelper v0.0.0-20190908114105-312d0be0480b/go.mod h1:5Zj+3VbrZcGhx52L338m0ae4r5TFH9IkQ1bUoiU9HD0=
github.com/walterjwhite/go-application/libraries/yamlhelper v0.0.0-20190908114147-411d246ddec4 h1:D/GuIwRChlTvxpMdkoi5OlMeb+ONEBw7LItn11uof4o=
github.com/walterjwhite/go-application/libraries/yamlhelper v0.0.0-20190908114147-411d246ddec4/go.mod h1:5Zj+3VbrZcGhx52L338m0ae4r5TFH9IkQ1bUoiU9HD0=
github.com/walterjwhite/go-application/libraries/yamlhelper v0.0.0-20190908131603-42d51493b3cc h1:jAn6dcu1bOWUozjvi/A5ul1f+87LDyIKukjNf5/z6f8=
github.com/walterjwhite/go-application/libraries/yamlhelper v0.0.0-20190908131603-42d51493b3cc/go.mod h1:bY6TtRYWigcqTkxzYoXIh2fMrQq1p+qrjxbChaiezlY=
github.com/walterjwhite/go-application/libraries/yamlhelper v0.0.0-20190908213537-c07ebe5b1049/go.mod h1:a6xepIWmJDeRbEtT3oXbon+YNVkOLhXIIPjj02V1vNg=
github.com/walterjwhite/go-application/libraries/yamlhelper v0.0.0-20190908213804-7f40493dd999 h1:gubr6XG9FSzrJk50z0PThaCZM7otndfn1MAO3e58DmI=
github.com/walterjwhite/go-application/libraries/yamlhelper v0.0.0-20190908213804-7f40493dd999/go.mod h1:a6xepIWmJDeRbEtT3oXbon+YNVkOLhXIIPjj02V1vNg=
github.com/walterjwhite/go-application/libraries/yamlhelper v0.0.0-20190914105732-9894932cf777 h1:XP5v/VlAY1DzsaGekKoVsn+Z8tZKVxf2SM3192Ign50=
github.com/walterjwhite/go-application/libraries/yamlhelper v0.0.0-20190914105732-9894932cf777/go.mod h1:QZV96sQMUMAVrEnobn3rU3ETJtmtmbefFB+4eU1ySoM=
golang.org/x/crypto v0.0.0-20190308221718-c2843e01d9a2 h1:VklqNMn3ovrHsnt90PveolxSbWFaJdECFbxSq0Mqo2M=
golang.org/x/crypto v0.0.0-20190308221718-c2843e01d9a2/go.mod h1:djNgcEr1/C05ACkg1iLfiJU5Ep61QUkGW8qpdssI0+w=
golang.org/x/crypto v0.0.0-20190909091759-094676da4a83/go.mod h1:yigFU9vqHzYiE8UmvKecakEJjdnWj3jj499lnFckfCI=
golang.org/x/crypto v0.0.0-20190911031432-227b76d455e7/go.mod h1:yigFU9vqHzYiE8UmvKecakEJjdnWj3jj499lnFckfCI=
golang.org/x/net v0.0.0-20190404232315-eb5bcb51f2a3/go.mod h1:t9HGtf8HONx5eT2rtn7q6eTqICYqUVnKs3thJo3Qplg=
golang.org/x/net v0.0.0-20190620200207-3b0461eec859/go.mod h1:z5CRVTTTmAJ677TzLLGU+0bjPO0LkuOLi4/5GtJWs/s=
golang.org/x/net v0.0.0-20190827160401-ba9fcec4b297 h1:k7pJ2yAPLPgbskkFdhRCsA77k2fySZ1zf2zCjvQCiIM=
golang.org/x/net v0.0.0-20190827160401-ba9fcec4b297/go.mod h1:z5CRVTTTmAJ677TzLLGU+0bjPO0LkuOLi4/5GtJWs/s=
golang.org/x/net v0.0.0-20190909003024-a7b16738d86b h1:XfVGCX+0T4WOStkaOsJRllbsiImhB2jgVBGc9L0lPGc=
golang.org/x/net v0.0.0-20190909003024-a7b16738d86b/go.mod h1:z5CRVTTTmAJ677TzLLGU+0bjPO0LkuOLi4/5GtJWs/s=
golang.org/x/net v0.0.0-20190912160710-24e19bdeb0f2 h1:4dVFTC832rPn4pomLSz1vA+are2+dU19w1H8OngV7nc=
golang.org/x/net v0.0.0-20190912160710-24e19bdeb0f2/go.mod h1:z5CRVTTTmAJ677TzLLGU+0bjPO0LkuOLi4/5GtJWs/s=
golang.org/x/sync v0.0.0-20190423024810-112230192c58/go.mod h1:RxMgew5VJxzue5/jJTE5uejpjVlOe/izrB70Jof72aM=
golang.org/x/sync v0.0.0-20190911185100-cd5d95a43a6e/go.mod h1:RxMgew5VJxzue5/jJTE5uejpjVlOe/izrB70Jof72aM=
golang.org/x/sys v0.0.0-20190215142949-d0b11bdaac8a/go.mod h1:STP8DvDyc/dI5b8T5hshtkjS+E42TnysNCUPdjciGhY=
golang.org/x/sys v0.0.0-20190412213103-97732733099d/go.mod h1:h1NjWce9XRLGQEsW7wpKNCjG9DtNlClVuFLEZdDNbEs=
golang.org/x/sys v0.0.0-20190909082730-f460065e899a/go.mod h1:h1NjWce9XRLGQEsW7wpKNCjG9DtNlClVuFLEZdDNbEs=
golang.org/x/sys v0.0.0-20190913121621-c3b328c6e5a7/go.mod h1:h1NjWce9XRLGQEsW7wpKNCjG9DtNlClVuFLEZdDNbEs=
golang.org/x/text v0.3.0/go.mod h1:NqM8EUOU14njkJ3fqMW+pc6Ldnwhi/IjpwHt7yyuwOQ=
golang.org/x/text v0.3.2/go.mod h1:bEr9sfX3Q8Zfm5fL9x+3itogRgK3+ptLWKqgva+5dAk=
golang.org/x/tools v0.0.0-20180917221912-90fa682c2a6e/go.mod h1:n7NCudcB/nEzxVGmLbDWY5pfWTLqBcC2KZ6jyYvM4mQ=
golang.org/x/tools v0.0.0-20190909214602-067311248421/go.mod h1:b+2E5dAYhXwXZwtnZ6UAqBI28+e2cm9otk0dWdXHAEo=
golang.org/x/tools v0.0.0-20190913181337-0240832f5c3d/go.mod h1:b+2E5dAYhXwXZwtnZ6UAqBI28+e2cm9otk0dWdXHAEo=
golang.org/x/xerrors v0.0.0-20190717185122-a985d3407aa7/go.mod h1:I/5z698sn9Ka8TeJc9MKroUUfqBBauWjQqLJ2OPfmY0=
gopkg.in/check.v1 v0.0.0-20161208181325-20d25e280405/go.mod h1:Co6ibVJAznAaIkqp8huTwlJQCZ016jof/cbN4VW5Yz0=
gopkg.in/check.v1 v1.0.0-20190902080502-41f04d3bba15/go.mod h1:Co6ibVJAznAaIkqp8huTwlJQCZ016jof/cbN4VW5Yz0=
gopkg.in/yaml.v2 v2.2.2 h1:ZCJp+EgiOT7lHqUV2J862kp8Qj64Jo6az82+3Td9dZw=
gopkg.in/yaml.v2 v2.2.2/go.mod h1:hI93XBmqTisBFMUTm0b8Fm+jr3Dg1NNxqwp+5A1VGuI=
