github.com/walterjwhite/go-application/libraries/after v0.0.0-20190908215948-473df8f9d550 h1:MxMkSjfQ4Z5XAM5IWaUoitxft7uLD5A5L6CDTwp6CUo=
github.com/walterjwhite/go-application/libraries/after v0.0.0-20190908215948-473df8f9d550/go.mod h1:akH8b45N0Fx3zkSxfV4a7b1OLuQ0KCrTqqJPj2qoZvo=
github.com/walterjwhite/go-application/libraries/logging v0.0.0-20190908213804-7f40493dd999 h1:2PlRzaxdyvg8Fp7PtfN89JYfVyEt8CyMkS9ypxIILkM=
github.com/walterjwhite/go-application/libraries/logging v0.0.0-20190908213804-7f40493dd999/go.mod h1:QhUzDkllcR89OKA19aGv91GE6r5WBifLHFKkG4Anqhg=
github.com/walterjwhite/go-application/libraries/logging v0.0.0-20190908215948-473df8f9d550 h1:bpvo+aDzfchXgIWd4aScQtCmiDTPiAtQ9q1c7mzSJ3w=
github.com/walterjwhite/go-application/libraries/logging v0.0.0-20190908215948-473df8f9d550/go.mod h1:QhUzDkllcR89OKA19aGv91GE6r5WBifLHFKkG4Anqhg=
github.com/walterjwhite/go-application/libraries/periodic v0.0.0-20190908215948-473df8f9d550 h1:4ea/S6FeXSQc0lrCpcPsqA6meRXZqUU0zaCNT7f2BVw=
github.com/walterjwhite/go-application/libraries/periodic v0.0.0-20190908215948-473df8f9d550/go.mod h1:AcvKhj/96yHVHGgfHz0AF003ULI3BllI7hsx4cZFzoU=
github.com/walterjwhite/go-application/libraries/timestamp v0.0.0-20190908215948-473df8f9d550 h1:/dgay1L5OUN74B8wx6fXCvn3P1dQl1KmpaFDyW/8+eo=
github.com/walterjwhite/go-application/libraries/timestamp v0.0.0-20190908215948-473df8f9d550/go.mod h1:am+q45EpcjNcfwWjAtyi2O90w6zroBmBIy87FMV2hbQ=
github.com/walterjwhite/go-application/libraries/yamlhelper v0.0.0-20190908215948-473df8f9d550 h1:32ibN7fN3Hm38xYgejCbJHcwlTLwezfEAPIPKj9etiw=
github.com/walterjwhite/go-application/libraries/yamlhelper v0.0.0-20190908215948-473df8f9d550/go.mod h1:MG9LOWR4tjTtYhWsBZRVu/Dexr1Z8955p3C3uRlABvA=
gopkg.in/check.v1 v0.0.0-20161208181325-20d25e280405/go.mod h1:Co6ibVJAznAaIkqp8huTwlJQCZ016jof/cbN4VW5Yz0=
gopkg.in/check.v1 v1.0.0-20190902080502-41f04d3bba15/go.mod h1:Co6ibVJAznAaIkqp8huTwlJQCZ016jof/cbN4VW5Yz0=
gopkg.in/yaml.v2 v2.2.2 h1:ZCJp+EgiOT7lHqUV2J862kp8Qj64Jo6az82+3Td9dZw=
gopkg.in/yaml.v2 v2.2.2/go.mod h1:hI93XBmqTisBFMUTm0b8Fm+jr3Dg1NNxqwp+5A1VGuI=
