github.com/walterjwhite/go-application/libraries/after v0.0.0-20190908114147-411d246ddec4 h1:4xKJEcCasBHXpRCQVb+MDk4r0shgFuuvlJmrN/rgEXo=
github.com/walterjwhite/go-application/libraries/after v0.0.0-20190908114147-411d246ddec4/go.mod h1:akH8b45N0Fx3zkSxfV4a7b1OLuQ0KCrTqqJPj2qoZvo=
github.com/walterjwhite/go-application/libraries/logging v0.0.0-20190908022120-708f33323123/go.mod h1:QhUzDkllcR89OKA19aGv91GE6r5WBifLHFKkG4Anqhg=
github.com/walterjwhite/go-application/libraries/logging v0.0.0-20190908113628-983e802f4bd2 h1:p6MJoM+U7TVI9xEOQHaLcDbfR6rEXiUXXgMEhGdZ800=
github.com/walterjwhite/go-application/libraries/logging v0.0.0-20190908113628-983e802f4bd2/go.mod h1:QhUzDkllcR89OKA19aGv91GE6r5WBifLHFKkG4Anqhg=
github.com/walterjwhite/go-application/libraries/periodic v0.0.0-20190908114147-411d246ddec4 h1:xUqEZ2d7nqkSyzxTfkXrnQdTNUwO0UbZXMS+KXEVjos=
github.com/walterjwhite/go-application/libraries/periodic v0.0.0-20190908114147-411d246ddec4/go.mod h1:VP+XUq0FQDFoup+ieVkVa0iK4HloYi9uO3h26FSLQoU=
github.com/walterjwhite/go-application/libraries/timestamp v0.0.0-20190908114147-411d246ddec4 h1:MMptefGrGX3u3NLVcn3zsdQruOucQciqNQpYHYWrwSQ=
github.com/walterjwhite/go-application/libraries/timestamp v0.0.0-20190908114147-411d246ddec4/go.mod h1:am+q45EpcjNcfwWjAtyi2O90w6zroBmBIy87FMV2hbQ=
github.com/walterjwhite/go-application/libraries/yamlhelper v0.0.0-20190908114147-411d246ddec4 h1:D/GuIwRChlTvxpMdkoi5OlMeb+ONEBw7LItn11uof4o=
github.com/walterjwhite/go-application/libraries/yamlhelper v0.0.0-20190908114147-411d246ddec4/go.mod h1:5Zj+3VbrZcGhx52L338m0ae4r5TFH9IkQ1bUoiU9HD0=
gopkg.in/check.v1 v0.0.0-20161208181325-20d25e280405/go.mod h1:Co6ibVJAznAaIkqp8huTwlJQCZ016jof/cbN4VW5Yz0=
gopkg.in/yaml.v2 v2.2.2 h1:ZCJp+EgiOT7lHqUV2J862kp8Qj64Jo6az82+3Td9dZw=
gopkg.in/yaml.v2 v2.2.2/go.mod h1:hI93XBmqTisBFMUTm0b8Fm+jr3Dg1NNxqwp+5A1VGuI=
