github.com/walterjwhite/go-application/libraries/after v0.0.0-20190908145322-3f1f17c157ab h1:Y135iM0YgBDFCL3iygY2Yxlh8bF5EtG8SgKltG2G8m4=
github.com/walterjwhite/go-application/libraries/after v0.0.0-20190908145322-3f1f17c157ab/go.mod h1:akH8b45N0Fx3zkSxfV4a7b1OLuQ0KCrTqqJPj2qoZvo=
github.com/walterjwhite/go-application/libraries/logging v0.0.0-20190908131603-42d51493b3cc h1:5B3D45Wbyi4vAnQgOJlgh94m/yHGzZUke4yC0XbLF0M=
github.com/walterjwhite/go-application/libraries/logging v0.0.0-20190908131603-42d51493b3cc/go.mod h1:QhUzDkllcR89OKA19aGv91GE6r5WBifLHFKkG4Anqhg=
github.com/walterjwhite/go-application/libraries/periodic v0.0.0-20190908145322-3f1f17c157ab h1:WeT1qJoJ1DeLgEC4+/EVVo1yPUFAFZUZIwpa3+Akino=
github.com/walterjwhite/go-application/libraries/periodic v0.0.0-20190908145322-3f1f17c157ab/go.mod h1:EUHQ8IhqIcc6CDUOSWzD0u/gzJTmZT3Zz1GzYvIUDRY=
github.com/walterjwhite/go-application/libraries/timestamp v0.0.0-20190908145322-3f1f17c157ab h1:IfXjbDWkFYdD4nQTH+zIDvkClFkSWI5e7srXaOlzjUI=
github.com/walterjwhite/go-application/libraries/timestamp v0.0.0-20190908145322-3f1f17c157ab/go.mod h1:am+q45EpcjNcfwWjAtyi2O90w6zroBmBIy87FMV2hbQ=
github.com/walterjwhite/go-application/libraries/yamlhelper v0.0.0-20190908145322-3f1f17c157ab h1:X5nkXMNQbJAflcU3ehfESXhfPqSnd8hyI9wzgzoru+o=
github.com/walterjwhite/go-application/libraries/yamlhelper v0.0.0-20190908145322-3f1f17c157ab/go.mod h1:9b6lSs6RuLEl2kSbeK2CA4ZlYAEFp0SfJ4gg97Jk9BA=
gopkg.in/check.v1 v0.0.0-20161208181325-20d25e280405/go.mod h1:Co6ibVJAznAaIkqp8huTwlJQCZ016jof/cbN4VW5Yz0=
gopkg.in/yaml.v2 v2.2.2 h1:ZCJp+EgiOT7lHqUV2J862kp8Qj64Jo6az82+3Td9dZw=
gopkg.in/yaml.v2 v2.2.2/go.mod h1:hI93XBmqTisBFMUTm0b8Fm+jr3Dg1NNxqwp+5A1VGuI=
