github.com/walterjwhite/go-application v0.0.1 h1:naxdNkC2o68DYELOHIjmUwjANNyegCmBFJ+KVj6oOhA=
github.com/walterjwhite/go-application/libraries/io/disk v0.0.0-20190920121053-1cd4475ce881 h1:bdz6GiQLykQ9QLFnFLrlNlX9i8FSGi2YM31ayClXmpw=
github.com/walterjwhite/go-application/libraries/io/disk v0.0.0-20190920121053-1cd4475ce881/go.mod h1:VT1ihdNIJg/LqUSjlr/mEproqc2SR3wxq1aMWGXgz+U=
github.com/walterjwhite/go-application/libraries/logging v0.0.0-20190916033306-80b4009af900 h1:7i53pJu/4KBxmTCr7mqB7OzUCYr+jDKXTtzzhVcOanU=
github.com/walterjwhite/go-application/libraries/logging v0.0.0-20190916033306-80b4009af900/go.mod h1:QhUzDkllcR89OKA19aGv91GE6r5WBifLHFKkG4Anqhg=
github.com/walterjwhite/go-application/libraries/logging v0.0.0-20190920121053-1cd4475ce881 h1:oSq0ETj/MkW6f0HssQvFAGdNu/rWWxNlpi6s1nMGZz0=
github.com/walterjwhite/go-application/libraries/logging v0.0.0-20190920121053-1cd4475ce881/go.mod h1:QhUzDkllcR89OKA19aGv91GE6r5WBifLHFKkG4Anqhg=
