github.com/BurntSushi/xgb v0.0.0-20160522181843-27f122750802 h1:1BDTz0u9nC3//pOCMdNH+CiXJVYJh5UQNCOBG7jbELc=
github.com/BurntSushi/xgb v0.0.0-20160522181843-27f122750802/go.mod h1:IVnqGOEym/WlBOVXweHU+Q+/VP0lqqI8lqeDx9IjBqo=
github.com/mitchellh/go-homedir v1.1.0 h1:lukF9ziXFxDFPkA1vsr5zpc1XuPDn/wFntq5mG+4E0Y=
github.com/mitchellh/go-homedir v1.1.0/go.mod h1:SfyaCUpYCn1Vlf4IUYiD9fPX4A5wJrkLzIz1N1q0pr0=
github.com/vova616/screenshot v0.0.0-20190211115255-f9547e483e0a h1:bDR1b8ylagDeiZJLd0QXit1Q5JuJujlvTwidz0ie7aE=
github.com/vova616/screenshot v0.0.0-20190211115255-f9547e483e0a/go.mod h1:gjlNhAXON0uGGilpsAZpMx5bN1ZVavUlJETHif7w4HQ=
github.com/walterjwhite/go-application/libraries/logging v0.0.0-20190914012323-6f15a6baa74c/go.mod h1:QhUzDkllcR89OKA19aGv91GE6r5WBifLHFKkG4Anqhg=
github.com/walterjwhite/go-application/libraries/logging v0.0.0-20190915151906-63d9d2a9c5fc/go.mod h1:QhUzDkllcR89OKA19aGv91GE6r5WBifLHFKkG4Anqhg=
github.com/walterjwhite/go-application/libraries/logging v0.0.0-20190915185550-97c233358bc7 h1:LjUr4VR9kMfcsNJHRGkEbOThLuMpIiQa8k3mRChJQBc=
github.com/walterjwhite/go-application/libraries/logging v0.0.0-20190915185550-97c233358bc7/go.mod h1:QhUzDkllcR89OKA19aGv91GE6r5WBifLHFKkG4Anqhg=
github.com/walterjwhite/go-application/libraries/path v0.0.0-20190915151906-63d9d2a9c5fc/go.mod h1:wlg64N/omgb8H16gAfXlfF8v9nuk2gUDAgaR8m0yEKc=
github.com/walterjwhite/go-application/libraries/path v0.0.0-20190915185550-97c233358bc7 h1:2WIpPsKvb02o+xQLHVW64e21u6j1lsT+UnKP6H2PhWg=
github.com/walterjwhite/go-application/libraries/path v0.0.0-20190915185550-97c233358bc7/go.mod h1:IPbFKatbo7E8hHYj/RXKbZUL+xdoDUe03x4JWYycCaw=
github.com/walterjwhite/go-application/libraries/runner v0.0.0-20190915185550-97c233358bc7 h1:kP6onItUnwI3u4FqQCu8bTS3qPpNPrI8DJEKWadlcM0=
github.com/walterjwhite/go-application/libraries/runner v0.0.0-20190915185550-97c233358bc7/go.mod h1:UU2suvGWUqsjuB5cxdy4Tz72y038OivtccfBGw5QY50=
github.com/walterjwhite/go-application/libraries/screenshot v0.0.0-20190915185550-97c233358bc7 h1:I2/z+5YQism708UjiPHqNEM6G/iAlpIwiUDqpGWzoGo=
github.com/walterjwhite/go-application/libraries/screenshot v0.0.0-20190915185550-97c233358bc7/go.mod h1:af8pejMcHY6F6SAU4g8j3NDxq+7Du1ohNRKpxbPJpWY=
