github.com/BurntSushi/xgb v0.0.0-20160522181843-27f122750802 h1:1BDTz0u9nC3//pOCMdNH+CiXJVYJh5UQNCOBG7jbELc=
github.com/BurntSushi/xgb v0.0.0-20160522181843-27f122750802/go.mod h1:IVnqGOEym/WlBOVXweHU+Q+/VP0lqqI8lqeDx9IjBqo=
github.com/mitchellh/go-homedir v1.1.0 h1:lukF9ziXFxDFPkA1vsr5zpc1XuPDn/wFntq5mG+4E0Y=
github.com/mitchellh/go-homedir v1.1.0/go.mod h1:SfyaCUpYCn1Vlf4IUYiD9fPX4A5wJrkLzIz1N1q0pr0=
github.com/vova616/screenshot v0.0.0-20190211115255-f9547e483e0a h1:bDR1b8ylagDeiZJLd0QXit1Q5JuJujlvTwidz0ie7aE=
github.com/vova616/screenshot v0.0.0-20190211115255-f9547e483e0a/go.mod h1:gjlNhAXON0uGGilpsAZpMx5bN1ZVavUlJETHif7w4HQ=
github.com/walterjwhite/go-application/libraries/logging v0.0.0-20190908215948-473df8f9d550/go.mod h1:QhUzDkllcR89OKA19aGv91GE6r5WBifLHFKkG4Anqhg=
github.com/walterjwhite/go-application/libraries/logging v0.0.0-20190908220627-fb1ccc224845/go.mod h1:QhUzDkllcR89OKA19aGv91GE6r5WBifLHFKkG4Anqhg=
github.com/walterjwhite/go-application/libraries/logging v0.0.0-20190910021320-e74cea556fdc h1:W5p1Eg0OH/OPhL+5kLAk1/BNjz95rIEmY8p10PtjPzQ=
github.com/walterjwhite/go-application/libraries/logging v0.0.0-20190910021320-e74cea556fdc/go.mod h1:QhUzDkllcR89OKA19aGv91GE6r5WBifLHFKkG4Anqhg=
github.com/walterjwhite/go-application/libraries/path v0.0.0-20190908220627-fb1ccc224845/go.mod h1:DyllGWxNiExBv4W+Pn6K0QHfLwGQnTVlQVvF2xA3E6U=
github.com/walterjwhite/go-application/libraries/path v0.0.0-20190910021320-e74cea556fdc h1:slQhL7aG0Kg15DfYQsO6sZQHudRLXAIvaAo0a8S4kuY=
github.com/walterjwhite/go-application/libraries/path v0.0.0-20190910021320-e74cea556fdc/go.mod h1:FpiXVr5eQr3sRgf32962ri2Xl8j8OU3uiF/kAR4b6L8=
github.com/walterjwhite/go-application/libraries/runner v0.0.0-20190910021320-e74cea556fdc h1:y1nLCwTKGeeVX+pawWaokXPYr2IaSxd03xazLJdxuiU=
github.com/walterjwhite/go-application/libraries/runner v0.0.0-20190910021320-e74cea556fdc/go.mod h1:UU2suvGWUqsjuB5cxdy4Tz72y038OivtccfBGw5QY50=
github.com/walterjwhite/go-application/libraries/screenshot v0.0.0-20190910021320-e74cea556fdc h1:GXmk5u/R8+1lGDVGYCfFM2KDX1bCYKyX2zvK3pMJoug=
github.com/walterjwhite/go-application/libraries/screenshot v0.0.0-20190910021320-e74cea556fdc/go.mod h1:1gBAg+mwedvLhAiDDyflRhu0ce7NQW7Qn+QGCMyS0mI=
