github.com/BurntSushi/xgb v0.0.0-20160522181843-27f122750802 h1:1BDTz0u9nC3//pOCMdNH+CiXJVYJh5UQNCOBG7jbELc=
github.com/BurntSushi/xgb v0.0.0-20160522181843-27f122750802/go.mod h1:IVnqGOEym/WlBOVXweHU+Q+/VP0lqqI8lqeDx9IjBqo=
github.com/mitchellh/go-homedir v1.1.0 h1:lukF9ziXFxDFPkA1vsr5zpc1XuPDn/wFntq5mG+4E0Y=
github.com/mitchellh/go-homedir v1.1.0/go.mod h1:SfyaCUpYCn1Vlf4IUYiD9fPX4A5wJrkLzIz1N1q0pr0=
github.com/vova616/screenshot v0.0.0-20190211115255-f9547e483e0a h1:bDR1b8ylagDeiZJLd0QXit1Q5JuJujlvTwidz0ie7aE=
github.com/vova616/screenshot v0.0.0-20190211115255-f9547e483e0a/go.mod h1:gjlNhAXON0uGGilpsAZpMx5bN1ZVavUlJETHif7w4HQ=
github.com/walterjwhite/go-application/libraries/logging v0.0.0-20190908213804-7f40493dd999/go.mod h1:QhUzDkllcR89OKA19aGv91GE6r5WBifLHFKkG4Anqhg=
github.com/walterjwhite/go-application/libraries/logging v0.0.0-20190908215948-473df8f9d550/go.mod h1:QhUzDkllcR89OKA19aGv91GE6r5WBifLHFKkG4Anqhg=
github.com/walterjwhite/go-application/libraries/logging v0.0.0-20190908220627-fb1ccc224845 h1:lHKqsun1yiNy6VuPIsQEpIVrDxs5io4htWqooc8Mesw=
github.com/walterjwhite/go-application/libraries/logging v0.0.0-20190908220627-fb1ccc224845/go.mod h1:QhUzDkllcR89OKA19aGv91GE6r5WBifLHFKkG4Anqhg=
github.com/walterjwhite/go-application/libraries/path v0.0.0-20190908215948-473df8f9d550/go.mod h1:F7npo4IjQE08nmZk6u+Fuvm8azrdtVpkFCuJ3x0VB9U=
github.com/walterjwhite/go-application/libraries/path v0.0.0-20190908220627-fb1ccc224845 h1:saAWcunWN7+t2gEwnKUuCaU6t2HjDPrcwUBXFPSiOjY=
github.com/walterjwhite/go-application/libraries/path v0.0.0-20190908220627-fb1ccc224845/go.mod h1:DyllGWxNiExBv4W+Pn6K0QHfLwGQnTVlQVvF2xA3E6U=
github.com/walterjwhite/go-application/libraries/runner v0.0.0-20190908220627-fb1ccc224845 h1:LsdOXRBRILtQqQrffM9Axpuy1zLxH5VS0rwwQbMQmzo=
github.com/walterjwhite/go-application/libraries/runner v0.0.0-20190908220627-fb1ccc224845/go.mod h1:UU2suvGWUqsjuB5cxdy4Tz72y038OivtccfBGw5QY50=
github.com/walterjwhite/go-application/libraries/screenshot v0.0.0-20190908220627-fb1ccc224845 h1:N8OYF1Z+Sbm2qsdSJMQ5Rdoxa0QWEp+y5E48pw4wMEU=
github.com/walterjwhite/go-application/libraries/screenshot v0.0.0-20190908220627-fb1ccc224845/go.mod h1:q+PhX17mh3Cqf/8jrz//60lyxT1GHwI/byCuElQwkSM=
