github.com/walterjwhite/go-application/libraries/logging v0.0.0-20190928022546-d8b9d3b44c7d h1:Uwxw4KOaWu4odirlXenq/fxDZITX5kkXHzFjmGYxLkc=
github.com/walterjwhite/go-application/libraries/logging v0.0.0-20190928022546-d8b9d3b44c7d/go.mod h1:QhUzDkllcR89OKA19aGv91GE6r5WBifLHFKkG4Anqhg=
github.com/walterjwhite/go-application/libraries/logging v0.0.0-20190928043406-90f191fd97ec h1:zYr5rbAhPBngyG5eJXpNeuvvbyJvHQFdb1vG1H4aIHQ=
github.com/walterjwhite/go-application/libraries/logging v0.0.0-20190928043406-90f191fd97ec/go.mod h1:QhUzDkllcR89OKA19aGv91GE6r5WBifLHFKkG4Anqhg=
github.com/walterjwhite/go-application/libraries/supervisor/data v0.0.0-20190928043406-90f191fd97ec h1:nRg9RhJfeVfGVPFuCgosJxOZxy/DB/Zng+AtPZZaBsA=
github.com/walterjwhite/go-application/libraries/supervisor/data v0.0.0-20190928043406-90f191fd97ec/go.mod h1:d1MgeFqW66DBXrlMiDTUX804Cy5wC2G57nhhOzl5wxU=
github.com/walterjwhite/go-application/libraries/yamlhelper v0.0.0-20190928043406-90f191fd97ec h1:Md05pgTuUEaUYH+IDmQ1dieZBGd4wsWZwqtqACYvAKA=
github.com/walterjwhite/go-application/libraries/yamlhelper v0.0.0-20190928043406-90f191fd97ec/go.mod h1:6IfzDAoPVzYXBVX9FRStUbg8GqFBlrrJstYsXNWJNrU=
gopkg.in/check.v1 v0.0.0-20161208181325-20d25e280405/go.mod h1:Co6ibVJAznAaIkqp8huTwlJQCZ016jof/cbN4VW5Yz0=
gopkg.in/check.v1 v1.0.0-20190902080502-41f04d3bba15/go.mod h1:Co6ibVJAznAaIkqp8huTwlJQCZ016jof/cbN4VW5Yz0=
gopkg.in/yaml.v2 v2.2.2 h1:ZCJp+EgiOT7lHqUV2J862kp8Qj64Jo6az82+3Td9dZw=
gopkg.in/yaml.v2 v2.2.2/go.mod h1:hI93XBmqTisBFMUTm0b8Fm+jr3Dg1NNxqwp+5A1VGuI=
