github.com/mitchellh/go-homedir v1.1.0 h1:lukF9ziXFxDFPkA1vsr5zpc1XuPDn/wFntq5mG+4E0Y=
github.com/mitchellh/go-homedir v1.1.0/go.mod h1:SfyaCUpYCn1Vlf4IUYiD9fPX4A5wJrkLzIz1N1q0pr0=
github.com/walterjwhite/go-application/libraries/logging v0.0.0-20190920121053-1cd4475ce881 h1:oSq0ETj/MkW6f0HssQvFAGdNu/rWWxNlpi6s1nMGZz0=
github.com/walterjwhite/go-application/libraries/logging v0.0.0-20190920121053-1cd4475ce881/go.mod h1:QhUzDkllcR89OKA19aGv91GE6r5WBifLHFKkG4Anqhg=
