github.com/walterjwhite/go-application/libraries/logging v0.0.0-20190928022546-d8b9d3b44c7d h1:Uwxw4KOaWu4odirlXenq/fxDZITX5kkXHzFjmGYxLkc=
github.com/walterjwhite/go-application/libraries/logging v0.0.0-20190928022546-d8b9d3b44c7d/go.mod h1:QhUzDkllcR89OKA19aGv91GE6r5WBifLHFKkG4Anqhg=
gopkg.in/check.v1 v0.0.0-20161208181325-20d25e280405/go.mod h1:Co6ibVJAznAaIkqp8huTwlJQCZ016jof/cbN4VW5Yz0=
gopkg.in/check.v1 v1.0.0-20190902080502-41f04d3bba15/go.mod h1:Co6ibVJAznAaIkqp8huTwlJQCZ016jof/cbN4VW5Yz0=
gopkg.in/yaml.v2 v2.2.2 h1:ZCJp+EgiOT7lHqUV2J862kp8Qj64Jo6az82+3Td9dZw=
gopkg.in/yaml.v2 v2.2.2/go.mod h1:hI93XBmqTisBFMUTm0b8Fm+jr3Dg1NNxqwp+5A1VGuI=
