github.com/BurntSushi/xgb v0.0.0-20160522181843-27f122750802 h1:1BDTz0u9nC3//pOCMdNH+CiXJVYJh5UQNCOBG7jbELc=
github.com/BurntSushi/xgb v0.0.0-20160522181843-27f122750802/go.mod h1:IVnqGOEym/WlBOVXweHU+Q+/VP0lqqI8lqeDx9IjBqo=
github.com/mitchellh/go-homedir v1.1.0 h1:lukF9ziXFxDFPkA1vsr5zpc1XuPDn/wFntq5mG+4E0Y=
github.com/mitchellh/go-homedir v1.1.0/go.mod h1:SfyaCUpYCn1Vlf4IUYiD9fPX4A5wJrkLzIz1N1q0pr0=
github.com/vova616/screenshot v0.0.0-20190211115255-f9547e483e0a h1:bDR1b8ylagDeiZJLd0QXit1Q5JuJujlvTwidz0ie7aE=
github.com/vova616/screenshot v0.0.0-20190211115255-f9547e483e0a/go.mod h1:gjlNhAXON0uGGilpsAZpMx5bN1ZVavUlJETHif7w4HQ=
github.com/walterjwhite/go-application/libraries/logging v0.0.0-20190908020649-d51e199383a3/go.mod h1:QhUzDkllcR89OKA19aGv91GE6r5WBifLHFKkG4Anqhg=
github.com/walterjwhite/go-application/libraries/logging v0.0.0-20190908114147-411d246ddec4 h1:PG6Gas2Zonobc6mgvBqhHqy/XOvKjXPfrUvekMs9Uh8=
github.com/walterjwhite/go-application/libraries/logging v0.0.0-20190908114147-411d246ddec4/go.mod h1:QhUzDkllcR89OKA19aGv91GE6r5WBifLHFKkG4Anqhg=
github.com/walterjwhite/go-application/libraries/path v0.0.0-20190908114147-411d246ddec4 h1:2g7Nt32xGTNXbWhQd4QEsVdEQUWmWrZ3x5B5FsUA2IE=
github.com/walterjwhite/go-application/libraries/path v0.0.0-20190908114147-411d246ddec4/go.mod h1:QMwr+EGducNf/bZHzQP2Yd2z1SlUEs99lgWnBFlB69A=
