github.com/walterjwhite/go-application v0.0.1 h1:naxdNkC2o68DYELOHIjmUwjANNyegCmBFJ+KVj6oOhA=
github.com/walterjwhite/go-application/libraries/io/disk v0.0.0-20190928022546-d8b9d3b44c7d h1:FlT5YgijPOEmxKCh+muL/Ci3hu8gkbM1l3ngTh5dfOk=
github.com/walterjwhite/go-application/libraries/io/disk v0.0.0-20190928022546-d8b9d3b44c7d/go.mod h1:k275yE8kTG6G9NdlXgjjacfFhTqB2EyoYAFhyr2ZE98=
github.com/walterjwhite/go-application/libraries/logging v0.0.0-20190920121053-1cd4475ce881 h1:oSq0ETj/MkW6f0HssQvFAGdNu/rWWxNlpi6s1nMGZz0=
github.com/walterjwhite/go-application/libraries/logging v0.0.0-20190920121053-1cd4475ce881/go.mod h1:QhUzDkllcR89OKA19aGv91GE6r5WBifLHFKkG4Anqhg=
github.com/walterjwhite/go-application/libraries/logging v0.0.0-20190928022546-d8b9d3b44c7d h1:Uwxw4KOaWu4odirlXenq/fxDZITX5kkXHzFjmGYxLkc=
github.com/walterjwhite/go-application/libraries/logging v0.0.0-20190928022546-d8b9d3b44c7d/go.mod h1:QhUzDkllcR89OKA19aGv91GE6r5WBifLHFKkG4Anqhg=
github.com/walterjwhite/go-application/libraries/os/unix/tail v0.0.0-20190928022546-d8b9d3b44c7d h1:sA50huu85U6LslNtGy35VJHsnrKfz+NLnQ+p4Atchuw=
github.com/walterjwhite/go-application/libraries/os/unix/tail v0.0.0-20190928022546-d8b9d3b44c7d/go.mod h1:skAz3xon//PzjTlC1Em/LzFJUjO9Lg6JTRDNXb7WLIQ=
github.com/walterjwhite/go-application/libraries/yamlhelper v0.0.0-20190928022546-d8b9d3b44c7d h1:67aHLPvVQBBTluKJHkhSvSGrkM1Mp02BoANmd39PR88=
github.com/walterjwhite/go-application/libraries/yamlhelper v0.0.0-20190928022546-d8b9d3b44c7d/go.mod h1:5yFS5f7jmlkqjxl+Ev81fWgUaPfRe361/kgMLGVkzgM=
gopkg.in/check.v1 v0.0.0-20161208181325-20d25e280405/go.mod h1:Co6ibVJAznAaIkqp8huTwlJQCZ016jof/cbN4VW5Yz0=
gopkg.in/check.v1 v1.0.0-20190902080502-41f04d3bba15/go.mod h1:Co6ibVJAznAaIkqp8huTwlJQCZ016jof/cbN4VW5Yz0=
gopkg.in/yaml.v2 v2.2.2 h1:ZCJp+EgiOT7lHqUV2J862kp8Qj64Jo6az82+3Td9dZw=
gopkg.in/yaml.v2 v2.2.2/go.mod h1:hI93XBmqTisBFMUTm0b8Fm+jr3Dg1NNxqwp+5A1VGuI=
