github.com/TheCreeper/go-notify v0.0.0-20160203001056-b5cd14745a5c h1:Tqox6eMuiOwAJSNIs8N8bSQo95lyNmD6Td6QbTlCo9g=
github.com/TheCreeper/go-notify v0.0.0-20160203001056-b5cd14745a5c/go.mod h1:qVRPuzmYrIzygaEyuG6gRPIcxfdJ9gAeQ/FCOfYFPTU=
github.com/go-mail/gomail v2.3.1+incompatible h1:hPrvM8Ncd4AM/OUHssNc6vclHfPKVcV/JuIwbDkcSq8=
github.com/go-mail/gomail v2.3.1+incompatible/go.mod h1:3QIXh5Fu0sf8i95raYpBqdBzROEbW00No9d24bcbPp0=
github.com/godbus/dbus v4.1.0+incompatible h1:WqqLRTsQic3apZUK9qC5sGNfXthmPXzUZ7nQPrNITa4=
github.com/godbus/dbus v4.1.0+incompatible/go.mod h1:/YcGZj5zSblfDWMMoOzV4fas9FZnQYTkDnsGvmh2Grw=
github.com/walterjwhite/go-application/libraries/email v0.0.0-20190928021504-e7011e6bf7a5 h1:Q62PbRSCJpTOE/6QEP56fE2AAlyVZcA+ShMAa5hUPWg=
github.com/walterjwhite/go-application/libraries/email v0.0.0-20190928021504-e7011e6bf7a5/go.mod h1:8leLQwfim2zn1ML8xp7OzQ2n8Or8Q2SuSCMLh8czFSY=
github.com/walterjwhite/go-application/libraries/email v0.0.0-20190928022546-d8b9d3b44c7d h1:MyH5HN/9IQYyA8hxcebL7Y7jpt3vK31cTXwgwQrcQng=
github.com/walterjwhite/go-application/libraries/email v0.0.0-20190928022546-d8b9d3b44c7d/go.mod h1:8leLQwfim2zn1ML8xp7OzQ2n8Or8Q2SuSCMLh8czFSY=
github.com/walterjwhite/go-application/libraries/io/writermatcher v0.0.0-20190928022546-d8b9d3b44c7d h1:OXdslrtOFPAENhRaDBKBnMwCsQltJ8xAQypswIUgMH8=
github.com/walterjwhite/go-application/libraries/io/writermatcher v0.0.0-20190928022546-d8b9d3b44c7d/go.mod h1:LI682kltEp0svG2v7sV6/W/W695M4YQ7THexvaGHkGM=
github.com/walterjwhite/go-application/libraries/logging v0.0.0-20190920121053-1cd4475ce881/go.mod h1:QhUzDkllcR89OKA19aGv91GE6r5WBifLHFKkG4Anqhg=
github.com/walterjwhite/go-application/libraries/logging v0.0.0-20190921111345-d85dd077315f/go.mod h1:QhUzDkllcR89OKA19aGv91GE6r5WBifLHFKkG4Anqhg=
github.com/walterjwhite/go-application/libraries/logging v0.0.0-20190928021504-e7011e6bf7a5/go.mod h1:QhUzDkllcR89OKA19aGv91GE6r5WBifLHFKkG4Anqhg=
github.com/walterjwhite/go-application/libraries/logging v0.0.0-20190928022546-d8b9d3b44c7d h1:Uwxw4KOaWu4odirlXenq/fxDZITX5kkXHzFjmGYxLkc=
github.com/walterjwhite/go-application/libraries/logging v0.0.0-20190928022546-d8b9d3b44c7d/go.mod h1:QhUzDkllcR89OKA19aGv91GE6r5WBifLHFKkG4Anqhg=
github.com/walterjwhite/go-application/libraries/notification v0.0.0-20190928022546-d8b9d3b44c7d h1:Wf57REEsENr+AI0lHpAKiPhEUbddLP3+s9fGxvzLLTo=
github.com/walterjwhite/go-application/libraries/notification v0.0.0-20190928022546-d8b9d3b44c7d/go.mod h1:DzfaHM9wVj3fLo9cphu8KlQa07v6EfCdLEjVXya/rBM=
github.com/walterjwhite/go-application/libraries/runner v0.0.0-20190928022546-d8b9d3b44c7d h1:iqJ6bETeJA1RLk8hAF8Wut8x2E/VuldRcHbnF4Il43E=
github.com/walterjwhite/go-application/libraries/runner v0.0.0-20190928022546-d8b9d3b44c7d/go.mod h1:UU2suvGWUqsjuB5cxdy4Tz72y038OivtccfBGw5QY50=
github.com/walterjwhite/go-application/libraries/timestamp v0.0.0-20190928022546-d8b9d3b44c7d h1:PsV+rFsfv4s+L6vVkQcXTt6VFT3ocDOyTIxZSYPlAd4=
github.com/walterjwhite/go-application/libraries/timestamp v0.0.0-20190928022546-d8b9d3b44c7d/go.mod h1:am+q45EpcjNcfwWjAtyi2O90w6zroBmBIy87FMV2hbQ=
github.com/walterjwhite/go-application/libraries/yamlhelper v0.0.0-20190928022546-d8b9d3b44c7d h1:67aHLPvVQBBTluKJHkhSvSGrkM1Mp02BoANmd39PR88=
github.com/walterjwhite/go-application/libraries/yamlhelper v0.0.0-20190928022546-d8b9d3b44c7d/go.mod h1:5yFS5f7jmlkqjxl+Ev81fWgUaPfRe361/kgMLGVkzgM=
gopkg.in/check.v1 v0.0.0-20161208181325-20d25e280405/go.mod h1:Co6ibVJAznAaIkqp8huTwlJQCZ016jof/cbN4VW5Yz0=
gopkg.in/check.v1 v1.0.0-20190902080502-41f04d3bba15/go.mod h1:Co6ibVJAznAaIkqp8huTwlJQCZ016jof/cbN4VW5Yz0=
gopkg.in/yaml.v2 v2.2.2 h1:ZCJp+EgiOT7lHqUV2J862kp8Qj64Jo6az82+3Td9dZw=
gopkg.in/yaml.v2 v2.2.2/go.mod h1:hI93XBmqTisBFMUTm0b8Fm+jr3Dg1NNxqwp+5A1VGuI=
