github.com/TheCreeper/go-notify v0.0.0-20160203001056-b5cd14745a5c h1:Tqox6eMuiOwAJSNIs8N8bSQo95lyNmD6Td6QbTlCo9g=
github.com/TheCreeper/go-notify v0.0.0-20160203001056-b5cd14745a5c/go.mod h1:qVRPuzmYrIzygaEyuG6gRPIcxfdJ9gAeQ/FCOfYFPTU=
github.com/godbus/dbus v4.1.0+incompatible h1:WqqLRTsQic3apZUK9qC5sGNfXthmPXzUZ7nQPrNITa4=
github.com/godbus/dbus v4.1.0+incompatible/go.mod h1:/YcGZj5zSblfDWMMoOzV4fas9FZnQYTkDnsGvmh2Grw=
github.com/walterjwhite/go-application/libraries/io/writermatcher v0.0.0-20190914105732-9894932cf777 h1:E9WnvEUB6u7NsQKuLr8/l6TKuxMCvtLnCDoYZxaWb5w=
github.com/walterjwhite/go-application/libraries/io/writermatcher v0.0.0-20190914105732-9894932cf777/go.mod h1:t+96xpBkPKeCGKsiez5Xi7o1RvGTVjBRqpdReVjFqJY=
github.com/walterjwhite/go-application/libraries/logging v0.0.0-20190914012323-6f15a6baa74c/go.mod h1:QhUzDkllcR89OKA19aGv91GE6r5WBifLHFKkG4Anqhg=
github.com/walterjwhite/go-application/libraries/logging v0.0.0-20190914030252-15aa585f2589/go.mod h1:QhUzDkllcR89OKA19aGv91GE6r5WBifLHFKkG4Anqhg=
github.com/walterjwhite/go-application/libraries/logging v0.0.0-20190914104301-97a52aee9d24/go.mod h1:QhUzDkllcR89OKA19aGv91GE6r5WBifLHFKkG4Anqhg=
github.com/walterjwhite/go-application/libraries/logging v0.0.0-20190914105732-9894932cf777 h1:jiZv4jSNCZVieRMEdUz3JeTRy2PzjYqRyd58cJ9r/EQ=
github.com/walterjwhite/go-application/libraries/logging v0.0.0-20190914105732-9894932cf777/go.mod h1:QhUzDkllcR89OKA19aGv91GE6r5WBifLHFKkG4Anqhg=
github.com/walterjwhite/go-application/libraries/notification v0.0.0-20190914105732-9894932cf777 h1:W3R5vmOm3fX9TJiJd5KhdAfebdr6H1hN4opp/bdC9/0=
github.com/walterjwhite/go-application/libraries/notification v0.0.0-20190914105732-9894932cf777/go.mod h1:EheKElIiiSMApzm0XY/3sWlLfdle0OKvZizB8dFZE/M=
github.com/walterjwhite/go-application/libraries/runner v0.0.0-20190914105732-9894932cf777 h1:JrB3Nwj64xLmP+hQUjXVQ9ODwe7LCxzzOBzir3PXp1A=
github.com/walterjwhite/go-application/libraries/runner v0.0.0-20190914105732-9894932cf777/go.mod h1:UU2suvGWUqsjuB5cxdy4Tz72y038OivtccfBGw5QY50=
github.com/walterjwhite/go-application/libraries/timestamp v0.0.0-20190914105732-9894932cf777 h1:NnWv0aJsqkbJaMD5gqN857tJucT8sNZ4i6n209WqfLY=
github.com/walterjwhite/go-application/libraries/timestamp v0.0.0-20190914105732-9894932cf777/go.mod h1:am+q45EpcjNcfwWjAtyi2O90w6zroBmBIy87FMV2hbQ=
github.com/walterjwhite/go-application/libraries/yamlhelper v0.0.0-20190914105732-9894932cf777 h1:XP5v/VlAY1DzsaGekKoVsn+Z8tZKVxf2SM3192Ign50=
github.com/walterjwhite/go-application/libraries/yamlhelper v0.0.0-20190914105732-9894932cf777/go.mod h1:QZV96sQMUMAVrEnobn3rU3ETJtmtmbefFB+4eU1ySoM=
gopkg.in/check.v1 v0.0.0-20161208181325-20d25e280405/go.mod h1:Co6ibVJAznAaIkqp8huTwlJQCZ016jof/cbN4VW5Yz0=
gopkg.in/check.v1 v1.0.0-20190902080502-41f04d3bba15/go.mod h1:Co6ibVJAznAaIkqp8huTwlJQCZ016jof/cbN4VW5Yz0=
gopkg.in/yaml.v2 v2.2.2 h1:ZCJp+EgiOT7lHqUV2J862kp8Qj64Jo6az82+3Td9dZw=
gopkg.in/yaml.v2 v2.2.2/go.mod h1:hI93XBmqTisBFMUTm0b8Fm+jr3Dg1NNxqwp+5A1VGuI=
