github.com/walterjwhite/go-application/libraries/io/writermatcher v0.0.0-20190908213804-7f40493dd999 h1:4XFxZ4c3cQQ4+nu0E4al1YMGJrhc9a2SISNSIvMnRCs=
github.com/walterjwhite/go-application/libraries/io/writermatcher v0.0.0-20190908213804-7f40493dd999/go.mod h1:jjrYXqJpHGFw4ZV9CFLHak0IAbpaPi3WyAFFWwEl6tg=
github.com/walterjwhite/go-application/libraries/logging v0.0.0-20190908212410-ce0463026b32/go.mod h1:QhUzDkllcR89OKA19aGv91GE6r5WBifLHFKkG4Anqhg=
github.com/walterjwhite/go-application/libraries/logging v0.0.0-20190908213804-7f40493dd999 h1:2PlRzaxdyvg8Fp7PtfN89JYfVyEt8CyMkS9ypxIILkM=
github.com/walterjwhite/go-application/libraries/logging v0.0.0-20190908213804-7f40493dd999/go.mod h1:QhUzDkllcR89OKA19aGv91GE6r5WBifLHFKkG4Anqhg=
github.com/walterjwhite/go-application/libraries/runner v0.0.0-20190908213804-7f40493dd999 h1:ToDI5udBdYtHUX99+Ea9T59buvr4YLgbIVN6Rt26PM8=
github.com/walterjwhite/go-application/libraries/runner v0.0.0-20190908213804-7f40493dd999/go.mod h1:UU2suvGWUqsjuB5cxdy4Tz72y038OivtccfBGw5QY50=
github.com/walterjwhite/go-application/libraries/timestamp v0.0.0-20190908213804-7f40493dd999 h1:nFURm1O2W36JOx7As7yl6ZTLOr9Y74TKaZ3mpL/HykI=
github.com/walterjwhite/go-application/libraries/timestamp v0.0.0-20190908213804-7f40493dd999/go.mod h1:am+q45EpcjNcfwWjAtyi2O90w6zroBmBIy87FMV2hbQ=
github.com/walterjwhite/go-application/libraries/yamlhelper v0.0.0-20190908213804-7f40493dd999 h1:gubr6XG9FSzrJk50z0PThaCZM7otndfn1MAO3e58DmI=
github.com/walterjwhite/go-application/libraries/yamlhelper v0.0.0-20190908213804-7f40493dd999/go.mod h1:a6xepIWmJDeRbEtT3oXbon+YNVkOLhXIIPjj02V1vNg=
gopkg.in/check.v1 v0.0.0-20161208181325-20d25e280405/go.mod h1:Co6ibVJAznAaIkqp8huTwlJQCZ016jof/cbN4VW5Yz0=
gopkg.in/check.v1 v1.0.0-20190902080502-41f04d3bba15/go.mod h1:Co6ibVJAznAaIkqp8huTwlJQCZ016jof/cbN4VW5Yz0=
gopkg.in/yaml.v2 v2.2.2 h1:ZCJp+EgiOT7lHqUV2J862kp8Qj64Jo6az82+3Td9dZw=
gopkg.in/yaml.v2 v2.2.2/go.mod h1:hI93XBmqTisBFMUTm0b8Fm+jr3Dg1NNxqwp+5A1VGuI=
