github.com/walterjwhite/go-application/libraries/io/writermatcher v0.0.0-20190911001459-f65b43345b0c h1:MF/ucefPIhGkiCZItfNhTgToc5F9CK12tOJXFnlIllI=
github.com/walterjwhite/go-application/libraries/io/writermatcher v0.0.0-20190911001459-f65b43345b0c/go.mod h1:jjrYXqJpHGFw4ZV9CFLHak0IAbpaPi3WyAFFWwEl6tg=
github.com/walterjwhite/go-application/libraries/logging v0.0.0-20190908220627-fb1ccc224845/go.mod h1:QhUzDkllcR89OKA19aGv91GE6r5WBifLHFKkG4Anqhg=
github.com/walterjwhite/go-application/libraries/logging v0.0.0-20190911001459-f65b43345b0c h1:YMuWTGWaKzg5P/piqpxkMr1KVY/JhncgM79U+BuA34g=
github.com/walterjwhite/go-application/libraries/logging v0.0.0-20190911001459-f65b43345b0c/go.mod h1:QhUzDkllcR89OKA19aGv91GE6r5WBifLHFKkG4Anqhg=
github.com/walterjwhite/go-application/libraries/runner v0.0.0-20190911001459-f65b43345b0c h1:fSQQ/XcmUKMv/+70oWO2IIlN/aOjRY5gIJoDdnUlZe4=
github.com/walterjwhite/go-application/libraries/runner v0.0.0-20190911001459-f65b43345b0c/go.mod h1:UU2suvGWUqsjuB5cxdy4Tz72y038OivtccfBGw5QY50=
github.com/walterjwhite/go-application/libraries/timestamp v0.0.0-20190911001459-f65b43345b0c h1:G0HbFe53HFQhQsx20mZyw4DKGBHXgHImSLpo1i9rOVs=
github.com/walterjwhite/go-application/libraries/timestamp v0.0.0-20190911001459-f65b43345b0c/go.mod h1:am+q45EpcjNcfwWjAtyi2O90w6zroBmBIy87FMV2hbQ=
github.com/walterjwhite/go-application/libraries/yamlhelper v0.0.0-20190911001459-f65b43345b0c h1:dCp2wsdXFcltMA/H95ibXkj7ZyxyjF6JMh3Uwp0wxk8=
github.com/walterjwhite/go-application/libraries/yamlhelper v0.0.0-20190911001459-f65b43345b0c/go.mod h1:at49NyDV5o+q+l9cCVuThHfEvjEqowxCfZjN1uqzdR4=
gopkg.in/check.v1 v0.0.0-20161208181325-20d25e280405/go.mod h1:Co6ibVJAznAaIkqp8huTwlJQCZ016jof/cbN4VW5Yz0=
gopkg.in/check.v1 v1.0.0-20190902080502-41f04d3bba15/go.mod h1:Co6ibVJAznAaIkqp8huTwlJQCZ016jof/cbN4VW5Yz0=
gopkg.in/yaml.v2 v2.2.2 h1:ZCJp+EgiOT7lHqUV2J862kp8Qj64Jo6az82+3Td9dZw=
gopkg.in/yaml.v2 v2.2.2/go.mod h1:hI93XBmqTisBFMUTm0b8Fm+jr3Dg1NNxqwp+5A1VGuI=
