github.com/walterjwhite/go-application/libraries/io/writermatcher v0.0.0-20190908212003-a168ea712933 h1:RZESkue4OOETDwtO+P2RIZVExzZI5WMgm3x0ecSWL5U=
github.com/walterjwhite/go-application/libraries/io/writermatcher v0.0.0-20190908212003-a168ea712933/go.mod h1:jjrYXqJpHGFw4ZV9CFLHak0IAbpaPi3WyAFFWwEl6tg=
github.com/walterjwhite/go-application/libraries/logging v0.0.0-20190908145322-3f1f17c157ab/go.mod h1:QhUzDkllcR89OKA19aGv91GE6r5WBifLHFKkG4Anqhg=
github.com/walterjwhite/go-application/libraries/logging v0.0.0-20190908212003-a168ea712933 h1:p0SYY2b3cHNRalUKe0ZeWJ9TyqEP10MMmwCfpyrutN0=
github.com/walterjwhite/go-application/libraries/logging v0.0.0-20190908212003-a168ea712933/go.mod h1:QhUzDkllcR89OKA19aGv91GE6r5WBifLHFKkG4Anqhg=
github.com/walterjwhite/go-application/libraries/runner v0.0.0-20190908212003-a168ea712933 h1:Ro2hpLXGRaqwl6fxaVAKiHr3G1RCxsdSFa+XQA+ACuI=
github.com/walterjwhite/go-application/libraries/runner v0.0.0-20190908212003-a168ea712933/go.mod h1:UU2suvGWUqsjuB5cxdy4Tz72y038OivtccfBGw5QY50=
github.com/walterjwhite/go-application/libraries/timestamp v0.0.0-20190908212003-a168ea712933 h1:njxU6aMXNAWyIIi9kUuwFGScIXTVDF40a4UPabaWIio=
github.com/walterjwhite/go-application/libraries/timestamp v0.0.0-20190908212003-a168ea712933/go.mod h1:am+q45EpcjNcfwWjAtyi2O90w6zroBmBIy87FMV2hbQ=
github.com/walterjwhite/go-application/libraries/yamlhelper v0.0.0-20190908212003-a168ea712933 h1:caKczieaKzwlsyDiInAj0C3/UDGPn/cMBrSjb5f8fBM=
github.com/walterjwhite/go-application/libraries/yamlhelper v0.0.0-20190908212003-a168ea712933/go.mod h1:BqbTjZ4viX+UEBqlKN3ZNhPrLdPSDMLqm+LAPbzzrBU=
gopkg.in/check.v1 v0.0.0-20161208181325-20d25e280405/go.mod h1:Co6ibVJAznAaIkqp8huTwlJQCZ016jof/cbN4VW5Yz0=
gopkg.in/yaml.v2 v2.2.2 h1:ZCJp+EgiOT7lHqUV2J862kp8Qj64Jo6az82+3Td9dZw=
gopkg.in/yaml.v2 v2.2.2/go.mod h1:hI93XBmqTisBFMUTm0b8Fm+jr3Dg1NNxqwp+5A1VGuI=
