github.com/TheCreeper/go-notify v0.0.0-20160203001056-b5cd14745a5c h1:Tqox6eMuiOwAJSNIs8N8bSQo95lyNmD6Td6QbTlCo9g=
github.com/TheCreeper/go-notify v0.0.0-20160203001056-b5cd14745a5c/go.mod h1:qVRPuzmYrIzygaEyuG6gRPIcxfdJ9gAeQ/FCOfYFPTU=
github.com/godbus/dbus v4.1.0+incompatible h1:WqqLRTsQic3apZUK9qC5sGNfXthmPXzUZ7nQPrNITa4=
github.com/godbus/dbus v4.1.0+incompatible/go.mod h1:/YcGZj5zSblfDWMMoOzV4fas9FZnQYTkDnsGvmh2Grw=
github.com/walterjwhite/go-application/libraries/identifier v0.0.0-20190916033306-80b4009af900 h1:IFrgaqEZGBH3XacleXQiNioMB5Wf3JdbAift1Ol3JWo=
github.com/walterjwhite/go-application/libraries/identifier v0.0.0-20190916033306-80b4009af900/go.mod h1:h+qG7TlpjIwGvPlgFTGZ5qTqsbQEoh9TBlYu6eLOrzg=
github.com/walterjwhite/go-application/libraries/logging v0.0.0-20190915185550-97c233358bc7/go.mod h1:QhUzDkllcR89OKA19aGv91GE6r5WBifLHFKkG4Anqhg=
github.com/walterjwhite/go-application/libraries/logging v0.0.0-20190916033306-80b4009af900 h1:7i53pJu/4KBxmTCr7mqB7OzUCYr+jDKXTtzzhVcOanU=
github.com/walterjwhite/go-application/libraries/logging v0.0.0-20190916033306-80b4009af900/go.mod h1:QhUzDkllcR89OKA19aGv91GE6r5WBifLHFKkG4Anqhg=
github.com/walterjwhite/go-application/libraries/notification v0.0.0-20190916033306-80b4009af900 h1:HHCnpDmLuv/AgYsZYbLRMTWSUK0dU0Hu/jTL4NP1Y4Q=
github.com/walterjwhite/go-application/libraries/notification v0.0.0-20190916033306-80b4009af900/go.mod h1:gh6yvLacMM6QJnF6w8ssaE23gkixyIlBHjvZ77zNKxs=
github.com/walterjwhite/go-application/libraries/shutdown v0.0.0-20190916033306-80b4009af900 h1:bKAUfnVXtW3HEzPYI0YtF2DglMCORuXN4hIuSCou1Yw=
github.com/walterjwhite/go-application/libraries/shutdown v0.0.0-20190916033306-80b4009af900/go.mod h1:bOTRBMfGkB+pJB8pn1EvM2f2q2vZS4t1yOCgbU6Xieg=
