github.com/TheCreeper/go-notify v0.0.0-20160203001056-b5cd14745a5c h1:Tqox6eMuiOwAJSNIs8N8bSQo95lyNmD6Td6QbTlCo9g=
github.com/TheCreeper/go-notify v0.0.0-20160203001056-b5cd14745a5c/go.mod h1:qVRPuzmYrIzygaEyuG6gRPIcxfdJ9gAeQ/FCOfYFPTU=
github.com/go-mail/gomail v2.3.1+incompatible h1:hPrvM8Ncd4AM/OUHssNc6vclHfPKVcV/JuIwbDkcSq8=
github.com/go-mail/gomail v2.3.1+incompatible/go.mod h1:3QIXh5Fu0sf8i95raYpBqdBzROEbW00No9d24bcbPp0=
github.com/godbus/dbus v4.1.0+incompatible h1:WqqLRTsQic3apZUK9qC5sGNfXthmPXzUZ7nQPrNITa4=
github.com/godbus/dbus v4.1.0+incompatible/go.mod h1:/YcGZj5zSblfDWMMoOzV4fas9FZnQYTkDnsGvmh2Grw=
github.com/walterjwhite/go-application/libraries/email v0.0.0-20190928033255-dc549148bad5 h1:B69vOQUy2qlEWRCLxOXtdMPm0Gk8fj4B9NCjn8Pxzuc=
github.com/walterjwhite/go-application/libraries/email v0.0.0-20190928033255-dc549148bad5/go.mod h1:Bz1h2B+ADf6EF5VSTcnnPmSVKZl/7GJvK8JxWn/5fQs=
github.com/walterjwhite/go-application/libraries/email v0.0.0-20190928043406-90f191fd97ec h1:c5y0H4iTiptwoV+KQynLU3jwscpVcVFnxaQzZBxtkto=
github.com/walterjwhite/go-application/libraries/email v0.0.0-20190928043406-90f191fd97ec/go.mod h1:Bz1h2B+ADf6EF5VSTcnnPmSVKZl/7GJvK8JxWn/5fQs=
github.com/walterjwhite/go-application/libraries/identifier v0.0.0-20190928043406-90f191fd97ec h1:9TeLIOH3OjUzwiMMYJYUL+XJ2ey0GjaV+pzCrCyUiD8=
github.com/walterjwhite/go-application/libraries/identifier v0.0.0-20190928043406-90f191fd97ec/go.mod h1:h+qG7TlpjIwGvPlgFTGZ5qTqsbQEoh9TBlYu6eLOrzg=
github.com/walterjwhite/go-application/libraries/logging v0.0.0-20190928022546-d8b9d3b44c7d/go.mod h1:QhUzDkllcR89OKA19aGv91GE6r5WBifLHFKkG4Anqhg=
github.com/walterjwhite/go-application/libraries/logging v0.0.0-20190928033255-dc549148bad5/go.mod h1:QhUzDkllcR89OKA19aGv91GE6r5WBifLHFKkG4Anqhg=
github.com/walterjwhite/go-application/libraries/logging v0.0.0-20190928043406-90f191fd97ec h1:zYr5rbAhPBngyG5eJXpNeuvvbyJvHQFdb1vG1H4aIHQ=
github.com/walterjwhite/go-application/libraries/logging v0.0.0-20190928043406-90f191fd97ec/go.mod h1:QhUzDkllcR89OKA19aGv91GE6r5WBifLHFKkG4Anqhg=
github.com/walterjwhite/go-application/libraries/notification v0.0.0-20190928043406-90f191fd97ec h1:sPNykw4WvFpKF7bAuCzN7mD6J254mxcWXbbXWBT/WrM=
github.com/walterjwhite/go-application/libraries/notification v0.0.0-20190928043406-90f191fd97ec/go.mod h1:ETlb099RGDD0kSBGrFmVf2UC61DzC4kw5cj29dGAm+Q=
github.com/walterjwhite/go-application/libraries/shutdown v0.0.0-20190928043406-90f191fd97ec h1:hVZNpzTaAVUUFkMQFVHM4w5JWlgGfxhF+2DzgNOWxaM=
github.com/walterjwhite/go-application/libraries/shutdown v0.0.0-20190928043406-90f191fd97ec/go.mod h1:bOTRBMfGkB+pJB8pn1EvM2f2q2vZS4t1yOCgbU6Xieg=
